// !$*UTF8*$!
{
	archiveVersion = 1;
	classes = {
	};
	objectVersion = 56;
	objects = {

/* Begin PBXBuildFile section */
		9E72FF112D6AA6D60080CA74 /* ExchangeIcon.swift in Sources */ = {isa = PBXBuildFile; fileRef = 9E72FF102D6AA6D50080CA74 /* ExchangeIcon.swift */; };
		9E72FF1B2D6B61B90080CA74 /* DesignSystem.swift in Sources */ = {isa = PBXBuildFile; fileRef = 9E72FF1A2D6B61B30080CA74 /* DesignSystem.swift */; };
		9E72FF1E2D6B62740080CA74 /* DSColorPalette.swift in Sources */ = {isa = PBXBuildFile; fileRef = 9E72FF1D2D6B626C0080CA74 /* DSColorPalette.swift */; };
		9E72FF202D6B630E0080CA74 /* DSTypography.swift in Sources */ = {isa = PBXBuildFile; fileRef = 9E72FF1F2D6B63020080CA74 /* DSTypography.swift */; };
		9E72FF222D6B64110080CA74 /* DSSpacing.swift in Sources */ = {isa = PBXBuildFile; fileRef = 9E72FF212D6B640B0080CA74 /* DSSpacing.swift */; };
		9E72FF2D2D6BF3B00080CA74 /* UIColor+Extension.swift in Sources */ = {isa = PBXBuildFile; fileRef = 9E72FF2C2D6BF37B0080CA74 /* UIColor+Extension.swift */; };
		9E72FF2F2D6BFA900080CA74 /* DarkDesignSystem.swift in Sources */ = {isa = PBXBuildFile; fileRef = 9E72FF2E2D6BFA820080CA74 /* DarkDesignSystem.swift */; };
		9E72FF342D6CDA9A0080CA74 /* String+Extenion.swift in Sources */ = {isa = PBXBuildFile; fileRef = 9E72FF332D6CDA940080CA74 /* String+Extenion.swift */; };
		9E72FF362D6CE9240080CA74 /* UIImageView+Extension.swift in Sources */ = {isa = PBXBuildFile; fileRef = 9E72FF352D6CE91F0080CA74 /* UIImageView+Extension.swift */; };
		9E72FF382D6D285D0080CA74 /* LoadingView.swift in Sources */ = {isa = PBXBuildFile; fileRef = 9E72FF372D6D28590080CA74 /* LoadingView.swift */; };
		9E72FF3B2D6D31820080CA74 /* ImageCache.swift in Sources */ = {isa = PBXBuildFile; fileRef = 9E72FF3A2D6D31800080CA74 /* ImageCache.swift */; };
		9E72FF3D2D6D31D70080CA74 /* ImageLoader.swift in Sources */ = {isa = PBXBuildFile; fileRef = 9E72FF3C2D6D31D40080CA74 /* ImageLoader.swift */; };
		E63E4B0A2D6A67290071E888 /* AppDelegate.swift in Sources */ = {isa = PBXBuildFile; fileRef = E63E4B092D6A67290071E888 /* AppDelegate.swift */; };
		E63E4B0C2D6A67290071E888 /* SceneDelegate.swift in Sources */ = {isa = PBXBuildFile; fileRef = E63E4B0B2D6A67290071E888 /* SceneDelegate.swift */; };
		E63E4B132D6A672A0071E888 /* Assets.xcassets in Resources */ = {isa = PBXBuildFile; fileRef = E63E4B122D6A672A0071E888 /* Assets.xcassets */; };
		E63E4B162D6A672A0071E888 /* Base in Resources */ = {isa = PBXBuildFile; fileRef = E63E4B152D6A672A0071E888 /* Base */; };
		E63E4B2B2D6A672A0071E888 /* ExchangeListUITests.swift in Sources */ = {isa = PBXBuildFile; fileRef = E63E4B2A2D6A672A0071E888 /* ExchangeListUITests.swift */; };
		E63E4B2D2D6A672A0071E888 /* ExchangeLauchUITests.swift in Sources */ = {isa = PBXBuildFile; fileRef = E63E4B2C2D6A672A0071E888 /* ExchangeLauchUITests.swift */; };
		E63E4B3B2D6A69B60071E888 /* AppCoordinator.swift in Sources */ = {isa = PBXBuildFile; fileRef = E63E4B3A2D6A69B60071E888 /* AppCoordinator.swift */; };
		E63E4B412D6A7BB10071E888 /* DependencyContainer.swift in Sources */ = {isa = PBXBuildFile; fileRef = E63E4B402D6A7BB10071E888 /* DependencyContainer.swift */; };
		E63E4B442D6A7CFE0071E888 /* Servicing.swift in Sources */ = {isa = PBXBuildFile; fileRef = E63E4B432D6A7CFE0071E888 /* Servicing.swift */; };
		E63E4B462D6A7D4E0071E888 /* ApiEndpoint.swift in Sources */ = {isa = PBXBuildFile; fileRef = E63E4B452D6A7D4E0071E888 /* ApiEndpoint.swift */; };
		E63E4B492D6A85800071E888 /* Service.swift in Sources */ = {isa = PBXBuildFile; fileRef = E63E4B482D6A85800071E888 /* Service.swift */; };
		E63E4B4D2D6A8AFF0071E888 /* ExchangeListService.swift in Sources */ = {isa = PBXBuildFile; fileRef = E63E4B4C2D6A8AFF0071E888 /* ExchangeListService.swift */; };
		E63E4B4F2D6A8B0A0071E888 /* ExchangeListInteractor.swift in Sources */ = {isa = PBXBuildFile; fileRef = E63E4B4E2D6A8B0A0071E888 /* ExchangeListInteractor.swift */; };
		E63E4B512D6A8B1D0071E888 /* ExchangeListPresenter.swift in Sources */ = {isa = PBXBuildFile; fileRef = E63E4B502D6A8B1D0071E888 /* ExchangeListPresenter.swift */; };
		E63E4B532D6A8B2B0071E888 /* ExchangeListViewController.swift in Sources */ = {isa = PBXBuildFile; fileRef = E63E4B522D6A8B2B0071E888 /* ExchangeListViewController.swift */; };
		E63E4B552D6A8B430071E888 /* ExchangeListCoordinator.swift in Sources */ = {isa = PBXBuildFile; fileRef = E63E4B542D6A8B430071E888 /* ExchangeListCoordinator.swift */; };
		E63E4B572D6A8B4C0071E888 /* ExchangeListFactory.swift in Sources */ = {isa = PBXBuildFile; fileRef = E63E4B562D6A8B4C0071E888 /* ExchangeListFactory.swift */; };
		E63E4B5C2D6A916E0071E888 /* ExchangeListEndpoint.swift in Sources */ = {isa = PBXBuildFile; fileRef = E63E4B5B2D6A916E0071E888 /* ExchangeListEndpoint.swift */; };
		E63E4B5F2D6A94F20071E888 /* Exchange.swift in Sources */ = {isa = PBXBuildFile; fileRef = E63E4B5E2D6A94F20071E888 /* Exchange.swift */; };
		E63E4B632D6C071B0071E888 /* DSExchangeCell.swift in Sources */ = {isa = PBXBuildFile; fileRef = E63E4B622D6C071B0071E888 /* DSExchangeCell.swift */; };
		E63E4B652D6CA17D0071E888 /* ViewCode.swift in Sources */ = {isa = PBXBuildFile; fileRef = E63E4B642D6CA17D0071E888 /* ViewCode.swift */; };
		E63E4B682D6CA2F10071E888 /* DSExchangeCellDTO.swift in Sources */ = {isa = PBXBuildFile; fileRef = E63E4B672D6CA2F10071E888 /* DSExchangeCellDTO.swift */; };
		E6D0F3292D6D4229001C1018 /* ErrorView.swift in Sources */ = {isa = PBXBuildFile; fileRef = E6D0F3282D6D4226001C1018 /* ErrorView.swift */; };
		E6D0F34C2D6D6990001C1018 /* ExchangeDetailInteractor.swift in Sources */ = {isa = PBXBuildFile; fileRef = E6D0F3482D6D6990001C1018 /* ExchangeDetailInteractor.swift */; };
		E6D0F34D2D6D6990001C1018 /* ExchangeDetailService.swift in Sources */ = {isa = PBXBuildFile; fileRef = E6D0F34A2D6D6990001C1018 /* ExchangeDetailService.swift */; };
		E6D0F34E2D6D6990001C1018 /* ExchangeDetailViewController.swift in Sources */ = {isa = PBXBuildFile; fileRef = E6D0F34B2D6D6990001C1018 /* ExchangeDetailViewController.swift */; };
		E6D0F34F2D6D6990001C1018 /* ExchangeDetailCoordinator.swift in Sources */ = {isa = PBXBuildFile; fileRef = E6D0F3462D6D6990001C1018 /* ExchangeDetailCoordinator.swift */; };
		E6D0F3502D6D6990001C1018 /* ExchangeDetailFactory.swift in Sources */ = {isa = PBXBuildFile; fileRef = E6D0F3472D6D6990001C1018 /* ExchangeDetailFactory.swift */; };
		E6D0F3522D6D6990001C1018 /* ExchangeDetailPresenter.swift in Sources */ = {isa = PBXBuildFile; fileRef = E6D0F3492D6D6990001C1018 /* ExchangeDetailPresenter.swift */; };
		E6D0F3542D6D7320001C1018 /* DSSizes.swift in Sources */ = {isa = PBXBuildFile; fileRef = E6D0F3532D6D731F001C1018 /* DSSizes.swift */; };
		E6D0F36B2D6D91FB001C1018 /* ExchangeListInteractorTests.swift in Sources */ = {isa = PBXBuildFile; fileRef = E6D0F3592D6D7C4E001C1018 /* ExchangeListInteractorTests.swift */; };
		E6D0F36C2D6D9224001C1018 /* DependencyContainerMock.swift in Sources */ = {isa = PBXBuildFile; fileRef = E6D0F3682D6D8CA5001C1018 /* DependencyContainerMock.swift */; };
		E6D0F36D2D6D9229001C1018 /* ServiceMock.swift in Sources */ = {isa = PBXBuildFile; fileRef = E6D0F3632D6D840B001C1018 /* ServiceMock.swift */; };
		E6D0F36E2D6D922E001C1018 /* AutoEquatable.swift in Sources */ = {isa = PBXBuildFile; fileRef = E6D0F35D2D6D80C9001C1018 /* AutoEquatable.swift */; };
		E6D0F36F2D6D922E001C1018 /* XCTestCase+Extension.swift in Sources */ = {isa = PBXBuildFile; fileRef = E6D0F36A2D6D8FD8001C1018 /* XCTestCase+Extension.swift */; };
		E6D0F3702D6D923F001C1018 /* ExchangeListViewControllerSpy.swift in Sources */ = {isa = PBXBuildFile; fileRef = E6D0F3602D6D8249001C1018 /* ExchangeListViewControllerSpy.swift */; };
		E6D0F3712D6D923F001C1018 /* ExchangeListServiceMock.swift in Sources */ = {isa = PBXBuildFile; fileRef = E6D0F3642D6D87CC001C1018 /* ExchangeListServiceMock.swift */; };
		E6D0F3722D6D923F001C1018 /* ExchangeIcon+Fixture.swift in Sources */ = {isa = PBXBuildFile; fileRef = E6D0F3672D6D8AF2001C1018 /* ExchangeIcon+Fixture.swift */; };
		E6D0F3732D6D923F001C1018 /* ExchangeListCoordinatorSpy.swift in Sources */ = {isa = PBXBuildFile; fileRef = E6D0F35F2D6D81D7001C1018 /* ExchangeListCoordinatorSpy.swift */; };
		E6D0F3742D6D923F001C1018 /* Exchange+Fixture.swift in Sources */ = {isa = PBXBuildFile; fileRef = E6D0F3662D6D88C0001C1018 /* Exchange+Fixture.swift */; };
		E6D0F3752D6D9245001C1018 /* ExchangeListInteractorSpy.swift in Sources */ = {isa = PBXBuildFile; fileRef = E6D0F35E2D6D8168001C1018 /* ExchangeListInteractorSpy.swift */; };
		E6D0F3762D6D9245001C1018 /* ExchangeListPresenterSpy.swift in Sources */ = {isa = PBXBuildFile; fileRef = E6D0F35B2D6D7D3C001C1018 /* ExchangeListPresenterSpy.swift */; };
		E6D0F3782D6D9BBF001C1018 /* ExchangeListPresenterTests.swift in Sources */ = {isa = PBXBuildFile; fileRef = E6D0F3772D6D9BB8001C1018 /* ExchangeListPresenterTests.swift */; };
		E6D0F37A2D6D9EA1001C1018 /* DSExchangeCellDTO+Fixture.swift in Sources */ = {isa = PBXBuildFile; fileRef = E6D0F3792D6D9E9D001C1018 /* DSExchangeCellDTO+Fixture.swift */; };
		E6D0F37E2D6DA131001C1018 /* NavigationSpy.swift in Sources */ = {isa = PBXBuildFile; fileRef = E6D0F37D2D6DA120001C1018 /* NavigationSpy.swift */; };
		E6D0F3822D6DA436001C1018 /* DesingSystemMock.swift in Sources */ = {isa = PBXBuildFile; fileRef = E6D0F3812D6DA431001C1018 /* DesingSystemMock.swift */; };
		E6D0F3842D6DA552001C1018 /* ImageLoadingMock.swift in Sources */ = {isa = PBXBuildFile; fileRef = E6D0F3832D6DA54D001C1018 /* ImageLoadingMock.swift */; };
		E6D0F3862D6DA616001C1018 /* ImageCacheMock.swift in Sources */ = {isa = PBXBuildFile; fileRef = E6D0F3852D6DA60F001C1018 /* ImageCacheMock.swift */; };
		E6D0F3892D6E18DD001C1018 /* ExchangeListCoodinatorTests.swift in Sources */ = {isa = PBXBuildFile; fileRef = E6D0F3882D6E18D3001C1018 /* ExchangeListCoodinatorTests.swift */; };
		E6D0F38E2D6E1CF7001C1018 /* ExchangeDetailCoordinatorTests.swift in Sources */ = {isa = PBXBuildFile; fileRef = E6D0F38D2D6E1CF6001C1018 /* ExchangeDetailCoordinatorTests.swift */; };
		E6D0F3902D6E1D4D001C1018 /* ExchangeDetailInteractorTests.swift in Sources */ = {isa = PBXBuildFile; fileRef = E6D0F38F2D6E1D4B001C1018 /* ExchangeDetailInteractorTests.swift */; };
		E6D0F3932D6E1D7C001C1018 /* ExchangeDetailPresenterSpy.swift in Sources */ = {isa = PBXBuildFile; fileRef = E6D0F3922D6E1D79001C1018 /* ExchangeDetailPresenterSpy.swift */; };
		E6D0F3962D6E1D8F001C1018 /* ExchangeDetailServiceMock.swift in Sources */ = {isa = PBXBuildFile; fileRef = E6D0F3952D6E1D8F001C1018 /* ExchangeDetailServiceMock.swift */; };
		E6D0F3982D6E1FB6001C1018 /* ExchangeDetailPresenterTests.swift in Sources */ = {isa = PBXBuildFile; fileRef = E6D0F3972D6E1FAE001C1018 /* ExchangeDetailPresenterTests.swift */; };
		E6D0F39A2D6E1FFB001C1018 /* ExchangeDetailCoordinatorSpy.swift in Sources */ = {isa = PBXBuildFile; fileRef = E6D0F3992D6E1FFB001C1018 /* ExchangeDetailCoordinatorSpy.swift */; };
		E6D0F39C2D6E211E001C1018 /* ExchangeDetailViewControllerSpy.swift in Sources */ = {isa = PBXBuildFile; fileRef = E6D0F39B2D6E211D001C1018 /* ExchangeDetailViewControllerSpy.swift */; };
		E6D0F39E2D6E21AE001C1018 /* DSExchangeDetailDTO+Fixture.swift in Sources */ = {isa = PBXBuildFile; fileRef = E6D0F39D2D6E21AB001C1018 /* DSExchangeDetailDTO+Fixture.swift */; };
		E6D0F3A02D6E3399001C1018 /* ConfigService.swift in Sources */ = {isa = PBXBuildFile; fileRef = E6D0F39F2D6E3390001C1018 /* ConfigService.swift */; };
/* End PBXBuildFile section */

/* Begin PBXContainerItemProxy section */
		E63E4B1D2D6A672A0071E888 /* PBXContainerItemProxy */ = {
			isa = PBXContainerItemProxy;
			containerPortal = E63E4AFE2D6A67290071E888 /* Project object */;
			proxyType = 1;
			remoteGlobalIDString = E63E4B052D6A67290071E888;
			remoteInfo = CoinExchange;
		};
		E63E4B272D6A672A0071E888 /* PBXContainerItemProxy */ = {
			isa = PBXContainerItemProxy;
			containerPortal = E63E4AFE2D6A67290071E888 /* Project object */;
			proxyType = 1;
			remoteGlobalIDString = E63E4B052D6A67290071E888;
			remoteInfo = CoinExchange;
		};
/* End PBXContainerItemProxy section */

/* Begin PBXFileReference section */
		9E72FF102D6AA6D50080CA74 /* ExchangeIcon.swift */ = {isa = PBXFileReference; lastKnownFileType = sourcecode.swift; path = ExchangeIcon.swift; sourceTree = "<group>"; };
		9E72FF1A2D6B61B30080CA74 /* DesignSystem.swift */ = {isa = PBXFileReference; lastKnownFileType = sourcecode.swift; path = DesignSystem.swift; sourceTree = "<group>"; };
		9E72FF1D2D6B626C0080CA74 /* DSColorPalette.swift */ = {isa = PBXFileReference; lastKnownFileType = sourcecode.swift; path = DSColorPalette.swift; sourceTree = "<group>"; };
		9E72FF1F2D6B63020080CA74 /* DSTypography.swift */ = {isa = PBXFileReference; lastKnownFileType = sourcecode.swift; path = DSTypography.swift; sourceTree = "<group>"; };
		9E72FF212D6B640B0080CA74 /* DSSpacing.swift */ = {isa = PBXFileReference; lastKnownFileType = sourcecode.swift; path = DSSpacing.swift; sourceTree = "<group>"; };
		9E72FF2C2D6BF37B0080CA74 /* UIColor+Extension.swift */ = {isa = PBXFileReference; lastKnownFileType = sourcecode.swift; path = "UIColor+Extension.swift"; sourceTree = "<group>"; };
		9E72FF2E2D6BFA820080CA74 /* DarkDesignSystem.swift */ = {isa = PBXFileReference; lastKnownFileType = sourcecode.swift; path = DarkDesignSystem.swift; sourceTree = "<group>"; };
		9E72FF332D6CDA940080CA74 /* String+Extenion.swift */ = {isa = PBXFileReference; lastKnownFileType = sourcecode.swift; path = "String+Extenion.swift"; sourceTree = "<group>"; };
		9E72FF352D6CE91F0080CA74 /* UIImageView+Extension.swift */ = {isa = PBXFileReference; lastKnownFileType = sourcecode.swift; path = "UIImageView+Extension.swift"; sourceTree = "<group>"; };
		9E72FF372D6D28590080CA74 /* LoadingView.swift */ = {isa = PBXFileReference; lastKnownFileType = sourcecode.swift; path = LoadingView.swift; sourceTree = "<group>"; };
		9E72FF3A2D6D31800080CA74 /* ImageCache.swift */ = {isa = PBXFileReference; lastKnownFileType = sourcecode.swift; path = ImageCache.swift; sourceTree = "<group>"; };
		9E72FF3C2D6D31D40080CA74 /* ImageLoader.swift */ = {isa = PBXFileReference; lastKnownFileType = sourcecode.swift; path = ImageLoader.swift; sourceTree = "<group>"; };
		E63E4B062D6A67290071E888 /* CoinExchange.app */ = {isa = PBXFileReference; explicitFileType = wrapper.application; includeInIndex = 0; path = CoinExchange.app; sourceTree = BUILT_PRODUCTS_DIR; };
		E63E4B092D6A67290071E888 /* AppDelegate.swift */ = {isa = PBXFileReference; lastKnownFileType = sourcecode.swift; path = AppDelegate.swift; sourceTree = "<group>"; };
		E63E4B0B2D6A67290071E888 /* SceneDelegate.swift */ = {isa = PBXFileReference; lastKnownFileType = sourcecode.swift; path = SceneDelegate.swift; sourceTree = "<group>"; };
		E63E4B122D6A672A0071E888 /* Assets.xcassets */ = {isa = PBXFileReference; lastKnownFileType = folder.assetcatalog; path = Assets.xcassets; sourceTree = "<group>"; };
		E63E4B152D6A672A0071E888 /* Base */ = {isa = PBXFileReference; lastKnownFileType = file.storyboard; name = Base; path = Base.lproj/LaunchScreen.storyboard; sourceTree = "<group>"; };
		E63E4B172D6A672A0071E888 /* Info.plist */ = {isa = PBXFileReference; lastKnownFileType = text.plist.xml; path = Info.plist; sourceTree = "<group>"; };
		E63E4B1C2D6A672A0071E888 /* CoinExchangeTests.xctest */ = {isa = PBXFileReference; explicitFileType = wrapper.cfbundle; includeInIndex = 0; path = CoinExchangeTests.xctest; sourceTree = BUILT_PRODUCTS_DIR; };
		E63E4B262D6A672A0071E888 /* CoinExchangeUITests.xctest */ = {isa = PBXFileReference; explicitFileType = wrapper.cfbundle; includeInIndex = 0; path = CoinExchangeUITests.xctest; sourceTree = BUILT_PRODUCTS_DIR; };
		E63E4B2A2D6A672A0071E888 /* ExchangeListUITests.swift */ = {isa = PBXFileReference; lastKnownFileType = sourcecode.swift; path = ExchangeListUITests.swift; sourceTree = "<group>"; };
		E63E4B2C2D6A672A0071E888 /* ExchangeLauchUITests.swift */ = {isa = PBXFileReference; lastKnownFileType = sourcecode.swift; path = ExchangeLauchUITests.swift; sourceTree = "<group>"; };
		E63E4B3A2D6A69B60071E888 /* AppCoordinator.swift */ = {isa = PBXFileReference; lastKnownFileType = sourcecode.swift; path = AppCoordinator.swift; sourceTree = "<group>"; };
		E63E4B402D6A7BB10071E888 /* DependencyContainer.swift */ = {isa = PBXFileReference; lastKnownFileType = sourcecode.swift; path = DependencyContainer.swift; sourceTree = "<group>"; };
		E63E4B432D6A7CFE0071E888 /* Servicing.swift */ = {isa = PBXFileReference; lastKnownFileType = sourcecode.swift; path = Servicing.swift; sourceTree = "<group>"; };
		E63E4B452D6A7D4E0071E888 /* ApiEndpoint.swift */ = {isa = PBXFileReference; lastKnownFileType = sourcecode.swift; path = ApiEndpoint.swift; sourceTree = "<group>"; };
		E63E4B482D6A85800071E888 /* Service.swift */ = {isa = PBXFileReference; lastKnownFileType = sourcecode.swift; path = Service.swift; sourceTree = "<group>"; };
		E63E4B4C2D6A8AFF0071E888 /* ExchangeListService.swift */ = {isa = PBXFileReference; lastKnownFileType = sourcecode.swift; path = ExchangeListService.swift; sourceTree = "<group>"; };
		E63E4B4E2D6A8B0A0071E888 /* ExchangeListInteractor.swift */ = {isa = PBXFileReference; lastKnownFileType = sourcecode.swift; path = ExchangeListInteractor.swift; sourceTree = "<group>"; };
		E63E4B502D6A8B1D0071E888 /* ExchangeListPresenter.swift */ = {isa = PBXFileReference; lastKnownFileType = sourcecode.swift; path = ExchangeListPresenter.swift; sourceTree = "<group>"; };
		E63E4B522D6A8B2B0071E888 /* ExchangeListViewController.swift */ = {isa = PBXFileReference; lastKnownFileType = sourcecode.swift; path = ExchangeListViewController.swift; sourceTree = "<group>"; };
		E63E4B542D6A8B430071E888 /* ExchangeListCoordinator.swift */ = {isa = PBXFileReference; lastKnownFileType = sourcecode.swift; path = ExchangeListCoordinator.swift; sourceTree = "<group>"; };
		E63E4B562D6A8B4C0071E888 /* ExchangeListFactory.swift */ = {isa = PBXFileReference; lastKnownFileType = sourcecode.swift; path = ExchangeListFactory.swift; sourceTree = "<group>"; };
		E63E4B5B2D6A916E0071E888 /* ExchangeListEndpoint.swift */ = {isa = PBXFileReference; lastKnownFileType = sourcecode.swift; path = ExchangeListEndpoint.swift; sourceTree = "<group>"; };
		E63E4B5E2D6A94F20071E888 /* Exchange.swift */ = {isa = PBXFileReference; lastKnownFileType = sourcecode.swift; path = Exchange.swift; sourceTree = "<group>"; };
		E63E4B622D6C071B0071E888 /* DSExchangeCell.swift */ = {isa = PBXFileReference; lastKnownFileType = sourcecode.swift; path = DSExchangeCell.swift; sourceTree = "<group>"; };
		E63E4B642D6CA17D0071E888 /* ViewCode.swift */ = {isa = PBXFileReference; lastKnownFileType = sourcecode.swift; path = ViewCode.swift; sourceTree = "<group>"; };
		E63E4B672D6CA2F10071E888 /* DSExchangeCellDTO.swift */ = {isa = PBXFileReference; lastKnownFileType = sourcecode.swift; path = DSExchangeCellDTO.swift; sourceTree = "<group>"; };
		E6D0F3282D6D4226001C1018 /* ErrorView.swift */ = {isa = PBXFileReference; lastKnownFileType = sourcecode.swift; path = ErrorView.swift; sourceTree = "<group>"; };
		E6D0F3462D6D6990001C1018 /* ExchangeDetailCoordinator.swift */ = {isa = PBXFileReference; lastKnownFileType = sourcecode.swift; path = ExchangeDetailCoordinator.swift; sourceTree = "<group>"; };
		E6D0F3472D6D6990001C1018 /* ExchangeDetailFactory.swift */ = {isa = PBXFileReference; lastKnownFileType = sourcecode.swift; path = ExchangeDetailFactory.swift; sourceTree = "<group>"; };
		E6D0F3482D6D6990001C1018 /* ExchangeDetailInteractor.swift */ = {isa = PBXFileReference; lastKnownFileType = sourcecode.swift; path = ExchangeDetailInteractor.swift; sourceTree = "<group>"; };
		E6D0F3492D6D6990001C1018 /* ExchangeDetailPresenter.swift */ = {isa = PBXFileReference; lastKnownFileType = sourcecode.swift; path = ExchangeDetailPresenter.swift; sourceTree = "<group>"; };
		E6D0F34A2D6D6990001C1018 /* ExchangeDetailService.swift */ = {isa = PBXFileReference; lastKnownFileType = sourcecode.swift; path = ExchangeDetailService.swift; sourceTree = "<group>"; };
		E6D0F34B2D6D6990001C1018 /* ExchangeDetailViewController.swift */ = {isa = PBXFileReference; lastKnownFileType = sourcecode.swift; path = ExchangeDetailViewController.swift; sourceTree = "<group>"; };
		E6D0F3532D6D731F001C1018 /* DSSizes.swift */ = {isa = PBXFileReference; lastKnownFileType = sourcecode.swift; path = DSSizes.swift; sourceTree = "<group>"; };
		E6D0F3592D6D7C4E001C1018 /* ExchangeListInteractorTests.swift */ = {isa = PBXFileReference; lastKnownFileType = sourcecode.swift; path = ExchangeListInteractorTests.swift; sourceTree = "<group>"; };
		E6D0F35B2D6D7D3C001C1018 /* ExchangeListPresenterSpy.swift */ = {isa = PBXFileReference; lastKnownFileType = sourcecode.swift; path = ExchangeListPresenterSpy.swift; sourceTree = "<group>"; };
		E6D0F35D2D6D80C9001C1018 /* AutoEquatable.swift */ = {isa = PBXFileReference; lastKnownFileType = sourcecode.swift; path = AutoEquatable.swift; sourceTree = "<group>"; };
		E6D0F35E2D6D8168001C1018 /* ExchangeListInteractorSpy.swift */ = {isa = PBXFileReference; lastKnownFileType = sourcecode.swift; path = ExchangeListInteractorSpy.swift; sourceTree = "<group>"; };
		E6D0F35F2D6D81D7001C1018 /* ExchangeListCoordinatorSpy.swift */ = {isa = PBXFileReference; lastKnownFileType = sourcecode.swift; path = ExchangeListCoordinatorSpy.swift; sourceTree = "<group>"; };
		E6D0F3602D6D8249001C1018 /* ExchangeListViewControllerSpy.swift */ = {isa = PBXFileReference; lastKnownFileType = sourcecode.swift; path = ExchangeListViewControllerSpy.swift; sourceTree = "<group>"; };
		E6D0F3632D6D840B001C1018 /* ServiceMock.swift */ = {isa = PBXFileReference; lastKnownFileType = sourcecode.swift; path = ServiceMock.swift; sourceTree = "<group>"; };
		E6D0F3642D6D87CC001C1018 /* ExchangeListServiceMock.swift */ = {isa = PBXFileReference; lastKnownFileType = sourcecode.swift; path = ExchangeListServiceMock.swift; sourceTree = "<group>"; };
		E6D0F3662D6D88C0001C1018 /* Exchange+Fixture.swift */ = {isa = PBXFileReference; lastKnownFileType = sourcecode.swift; path = "Exchange+Fixture.swift"; sourceTree = "<group>"; };
		E6D0F3672D6D8AF2001C1018 /* ExchangeIcon+Fixture.swift */ = {isa = PBXFileReference; lastKnownFileType = sourcecode.swift; path = "ExchangeIcon+Fixture.swift"; sourceTree = "<group>"; };
		E6D0F3682D6D8CA5001C1018 /* DependencyContainerMock.swift */ = {isa = PBXFileReference; lastKnownFileType = sourcecode.swift; path = DependencyContainerMock.swift; sourceTree = "<group>"; };
		E6D0F36A2D6D8FD8001C1018 /* XCTestCase+Extension.swift */ = {isa = PBXFileReference; lastKnownFileType = sourcecode.swift; path = "XCTestCase+Extension.swift"; sourceTree = "<group>"; };
		E6D0F3772D6D9BB8001C1018 /* ExchangeListPresenterTests.swift */ = {isa = PBXFileReference; lastKnownFileType = sourcecode.swift; path = ExchangeListPresenterTests.swift; sourceTree = "<group>"; };
		E6D0F3792D6D9E9D001C1018 /* DSExchangeCellDTO+Fixture.swift */ = {isa = PBXFileReference; lastKnownFileType = sourcecode.swift; path = "DSExchangeCellDTO+Fixture.swift"; sourceTree = "<group>"; };
		E6D0F37D2D6DA120001C1018 /* NavigationSpy.swift */ = {isa = PBXFileReference; lastKnownFileType = sourcecode.swift; path = NavigationSpy.swift; sourceTree = "<group>"; };
		E6D0F3812D6DA431001C1018 /* DesingSystemMock.swift */ = {isa = PBXFileReference; lastKnownFileType = sourcecode.swift; path = DesingSystemMock.swift; sourceTree = "<group>"; };
		E6D0F3832D6DA54D001C1018 /* ImageLoadingMock.swift */ = {isa = PBXFileReference; lastKnownFileType = sourcecode.swift; path = ImageLoadingMock.swift; sourceTree = "<group>"; };
		E6D0F3852D6DA60F001C1018 /* ImageCacheMock.swift */ = {isa = PBXFileReference; lastKnownFileType = sourcecode.swift; path = ImageCacheMock.swift; sourceTree = "<group>"; };
		E6D0F3872D6DB41C001C1018 /* ExchangeListDisplaying.swift */ = {isa = PBXFileReference; lastKnownFileType = sourcecode.swift; path = ExchangeListDisplaying.swift; sourceTree = "<group>"; };
		E6D0F3882D6E18D3001C1018 /* ExchangeListCoodinatorTests.swift */ = {isa = PBXFileReference; lastKnownFileType = sourcecode.swift; path = ExchangeListCoodinatorTests.swift; sourceTree = "<group>"; };
		E6D0F38D2D6E1CF6001C1018 /* ExchangeDetailCoordinatorTests.swift */ = {isa = PBXFileReference; lastKnownFileType = sourcecode.swift; path = ExchangeDetailCoordinatorTests.swift; sourceTree = "<group>"; };
		E6D0F38F2D6E1D4B001C1018 /* ExchangeDetailInteractorTests.swift */ = {isa = PBXFileReference; lastKnownFileType = sourcecode.swift; path = ExchangeDetailInteractorTests.swift; sourceTree = "<group>"; };
		E6D0F3922D6E1D79001C1018 /* ExchangeDetailPresenterSpy.swift */ = {isa = PBXFileReference; lastKnownFileType = sourcecode.swift; path = ExchangeDetailPresenterSpy.swift; sourceTree = "<group>"; };
		E6D0F3952D6E1D8F001C1018 /* ExchangeDetailServiceMock.swift */ = {isa = PBXFileReference; lastKnownFileType = sourcecode.swift; path = ExchangeDetailServiceMock.swift; sourceTree = "<group>"; };
		E6D0F3972D6E1FAE001C1018 /* ExchangeDetailPresenterTests.swift */ = {isa = PBXFileReference; lastKnownFileType = sourcecode.swift; path = ExchangeDetailPresenterTests.swift; sourceTree = "<group>"; };
		E6D0F3992D6E1FFB001C1018 /* ExchangeDetailCoordinatorSpy.swift */ = {isa = PBXFileReference; lastKnownFileType = sourcecode.swift; path = ExchangeDetailCoordinatorSpy.swift; sourceTree = "<group>"; };
		E6D0F39B2D6E211D001C1018 /* ExchangeDetailViewControllerSpy.swift */ = {isa = PBXFileReference; lastKnownFileType = sourcecode.swift; path = ExchangeDetailViewControllerSpy.swift; sourceTree = "<group>"; };
		E6D0F39D2D6E21AB001C1018 /* DSExchangeDetailDTO+Fixture.swift */ = {isa = PBXFileReference; lastKnownFileType = sourcecode.swift; path = "DSExchangeDetailDTO+Fixture.swift"; sourceTree = "<group>"; };
		E6D0F39F2D6E3390001C1018 /* ConfigService.swift */ = {isa = PBXFileReference; lastKnownFileType = sourcecode.swift; path = ConfigService.swift; sourceTree = "<group>"; };
/* End PBXFileReference section */

/* Begin PBXFrameworksBuildPhase section */
		E63E4B032D6A67290071E888 /* Frameworks */ = {
			isa = PBXFrameworksBuildPhase;
			buildActionMask = 2147483647;
			files = (
			);
			runOnlyForDeploymentPostprocessing = 0;
		};
		E63E4B192D6A672A0071E888 /* Frameworks */ = {
			isa = PBXFrameworksBuildPhase;
			buildActionMask = 2147483647;
			files = (
			);
			runOnlyForDeploymentPostprocessing = 0;
		};
		E63E4B232D6A672A0071E888 /* Frameworks */ = {
			isa = PBXFrameworksBuildPhase;
			buildActionMask = 2147483647;
			files = (
			);
			runOnlyForDeploymentPostprocessing = 0;
		};
/* End PBXFrameworksBuildPhase section */

/* Begin PBXGroup section */
		9E72FF172D6B5FFC0080CA74 /* DesignSystem */ = {
			isa = PBXGroup;
			children = (
				E63E4B612D6C05BB0071E888 /* Components */,
				9E72FF232D6BEEDA0080CA74 /* DefaultDesignSystem */,
				9E72FF1C2D6B625E0080CA74 /* Protocols */,
			);
			path = DesignSystem;
			sourceTree = "<group>";
		};
		9E72FF1C2D6B625E0080CA74 /* Protocols */ = {
			isa = PBXGroup;
			children = (
				E6D0F3532D6D731F001C1018 /* DSSizes.swift */,
				9E72FF212D6B640B0080CA74 /* DSSpacing.swift */,
				9E72FF1F2D6B63020080CA74 /* DSTypography.swift */,
				9E72FF1D2D6B626C0080CA74 /* DSColorPalette.swift */,
				9E72FF1A2D6B61B30080CA74 /* DesignSystem.swift */,
			);
			path = Protocols;
			sourceTree = "<group>";
		};
		9E72FF232D6BEEDA0080CA74 /* DefaultDesignSystem */ = {
			isa = PBXGroup;
			children = (
				9E72FF2E2D6BFA820080CA74 /* DarkDesignSystem.swift */,
			);
			path = DefaultDesignSystem;
			sourceTree = "<group>";
		};
		9E72FF2A2D6BF35D0080CA74 /* Utils */ = {
			isa = PBXGroup;
			children = (
				9E72FF392D6D31770080CA74 /* Cache */,
				9E72FF2B2D6BF36B0080CA74 /* Extensions */,
				E63E4B642D6CA17D0071E888 /* ViewCode.swift */,
			);
			path = Utils;
			sourceTree = "<group>";
		};
		9E72FF2B2D6BF36B0080CA74 /* Extensions */ = {
			isa = PBXGroup;
			children = (
				9E72FF352D6CE91F0080CA74 /* UIImageView+Extension.swift */,
				9E72FF332D6CDA940080CA74 /* String+Extenion.swift */,
				9E72FF2C2D6BF37B0080CA74 /* UIColor+Extension.swift */,
			);
			path = Extensions;
			sourceTree = "<group>";
		};
		9E72FF392D6D31770080CA74 /* Cache */ = {
			isa = PBXGroup;
			children = (
				9E72FF3C2D6D31D40080CA74 /* ImageLoader.swift */,
				9E72FF3A2D6D31800080CA74 /* ImageCache.swift */,
			);
			path = Cache;
			sourceTree = "<group>";
		};
		E63E4AFD2D6A67290071E888 = {
			isa = PBXGroup;
			children = (
				E6D0F3872D6DB41C001C1018 /* ExchangeListDisplaying.swift */,
				E63E4B082D6A67290071E888 /* CoinExchange */,
				E63E4B1F2D6A672A0071E888 /* CoinExchangeTests */,
				E63E4B292D6A672A0071E888 /* CoinExchangeUITests */,
				E63E4B072D6A67290071E888 /* Products */,
			);
			sourceTree = "<group>";
		};
		E63E4B072D6A67290071E888 /* Products */ = {
			isa = PBXGroup;
			children = (
				E63E4B062D6A67290071E888 /* CoinExchange.app */,
				E63E4B1C2D6A672A0071E888 /* CoinExchangeTests.xctest */,
				E63E4B262D6A672A0071E888 /* CoinExchangeUITests.xctest */,
			);
			name = Products;
			sourceTree = "<group>";
		};
		E63E4B082D6A67290071E888 /* CoinExchange */ = {
			isa = PBXGroup;
			children = (
				9E72FF2A2D6BF35D0080CA74 /* Utils */,
				9E72FF172D6B5FFC0080CA74 /* DesignSystem */,
				E63E4B4A2D6A8AD30071E888 /* Modules */,
				E63E4B422D6A7CF30071E888 /* Services */,
				E63E4B3D2D6A6D550071E888 /* Dependency */,
				E63E4B3C2D6A6BAD0071E888 /* Resources */,
				E63E4B392D6A68DE0071E888 /* SupportingFiles */,
				E63E4B092D6A67290071E888 /* AppDelegate.swift */,
				E63E4B0B2D6A67290071E888 /* SceneDelegate.swift */,
				E63E4B3A2D6A69B60071E888 /* AppCoordinator.swift */,
			);
			path = CoinExchange;
			sourceTree = "<group>";
		};
		E63E4B1F2D6A672A0071E888 /* CoinExchangeTests */ = {
			isa = PBXGroup;
			children = (
				E6D0F3622D6D8406001C1018 /* Mocks */,
				E6D0F35C2D6D80C2001C1018 /* Utils */,
				E6D0F3572D6D7C2D001C1018 /* Modules */,
			);
			path = CoinExchangeTests;
			sourceTree = "<group>";
		};
		E63E4B292D6A672A0071E888 /* CoinExchangeUITests */ = {
			isa = PBXGroup;
			children = (
				E63E4B2A2D6A672A0071E888 /* ExchangeListUITests.swift */,
				E63E4B2C2D6A672A0071E888 /* ExchangeLauchUITests.swift */,
			);
			path = CoinExchangeUITests;
			sourceTree = "<group>";
		};
		E63E4B392D6A68DE0071E888 /* SupportingFiles */ = {
			isa = PBXGroup;
			children = (
				E63E4B172D6A672A0071E888 /* Info.plist */,
			);
			path = SupportingFiles;
			sourceTree = "<group>";
		};
		E63E4B3C2D6A6BAD0071E888 /* Resources */ = {
			isa = PBXGroup;
			children = (
				E63E4B122D6A672A0071E888 /* Assets.xcassets */,
				E63E4B142D6A672A0071E888 /* LaunchScreen.storyboard */,
			);
			path = Resources;
			sourceTree = "<group>";
		};
		E63E4B3D2D6A6D550071E888 /* Dependency */ = {
			isa = PBXGroup;
			children = (
				E63E4B402D6A7BB10071E888 /* DependencyContainer.swift */,
			);
			path = Dependency;
			sourceTree = "<group>";
		};
		E63E4B422D6A7CF30071E888 /* Services */ = {
			isa = PBXGroup;
			children = (
				E63E4B472D6A85560071E888 /* Protocols */,
				E63E4B482D6A85800071E888 /* Service.swift */,
			);
			path = Services;
			sourceTree = "<group>";
		};
		E63E4B472D6A85560071E888 /* Protocols */ = {
			isa = PBXGroup;
			children = (
				E6D0F39F2D6E3390001C1018 /* ConfigService.swift */,
				E63E4B432D6A7CFE0071E888 /* Servicing.swift */,
				E63E4B452D6A7D4E0071E888 /* ApiEndpoint.swift */,
			);
			path = Protocols;
			sourceTree = "<group>";
		};
		E63E4B4A2D6A8AD30071E888 /* Modules */ = {
			isa = PBXGroup;
			children = (
				E6D0F32E2D6D6922001C1018 /* ExchangeDetail */,
				E63E4B4B2D6A8ADE0071E888 /* ExchangeList */,
			);
			path = Modules;
			sourceTree = "<group>";
		};
		E63E4B4B2D6A8ADE0071E888 /* ExchangeList */ = {
			isa = PBXGroup;
			children = (
				E63E4B5D2D6A94EB0071E888 /* Model */,
				E63E4B5A2D6A91020071E888 /* Service */,
				E63E4B4E2D6A8B0A0071E888 /* ExchangeListInteractor.swift */,
				E63E4B502D6A8B1D0071E888 /* ExchangeListPresenter.swift */,
				E63E4B522D6A8B2B0071E888 /* ExchangeListViewController.swift */,
				E63E4B542D6A8B430071E888 /* ExchangeListCoordinator.swift */,
				E63E4B562D6A8B4C0071E888 /* ExchangeListFactory.swift */,
			);
			path = ExchangeList;
			sourceTree = "<group>";
		};
		E63E4B5A2D6A91020071E888 /* Service */ = {
			isa = PBXGroup;
			children = (
				E63E4B4C2D6A8AFF0071E888 /* ExchangeListService.swift */,
				E63E4B5B2D6A916E0071E888 /* ExchangeListEndpoint.swift */,
			);
			path = Service;
			sourceTree = "<group>";
		};
		E63E4B5D2D6A94EB0071E888 /* Model */ = {
			isa = PBXGroup;
			children = (
				9E72FF102D6AA6D50080CA74 /* ExchangeIcon.swift */,
				E63E4B5E2D6A94F20071E888 /* Exchange.swift */,
			);
			path = Model;
			sourceTree = "<group>";
		};
		E63E4B612D6C05BB0071E888 /* Components */ = {
			isa = PBXGroup;
			children = (
				E6D0F3282D6D4226001C1018 /* ErrorView.swift */,
				9E72FF372D6D28590080CA74 /* LoadingView.swift */,
				E63E4B662D6CA2D40071E888 /* DSExchangeCell */,
			);
			path = Components;
			sourceTree = "<group>";
		};
		E63E4B662D6CA2D40071E888 /* DSExchangeCell */ = {
			isa = PBXGroup;
			children = (
				E63E4B622D6C071B0071E888 /* DSExchangeCell.swift */,
				E63E4B672D6CA2F10071E888 /* DSExchangeCellDTO.swift */,
			);
			path = DSExchangeCell;
			sourceTree = "<group>";
		};
		E6D0F32E2D6D6922001C1018 /* ExchangeDetail */ = {
			isa = PBXGroup;
			children = (
				E6D0F3462D6D6990001C1018 /* ExchangeDetailCoordinator.swift */,
				E6D0F3472D6D6990001C1018 /* ExchangeDetailFactory.swift */,
				E6D0F3482D6D6990001C1018 /* ExchangeDetailInteractor.swift */,
				E6D0F3492D6D6990001C1018 /* ExchangeDetailPresenter.swift */,
				E6D0F34A2D6D6990001C1018 /* ExchangeDetailService.swift */,
				E6D0F34B2D6D6990001C1018 /* ExchangeDetailViewController.swift */,
			);
			path = ExchangeDetail;
			sourceTree = "<group>";
		};
		E6D0F3572D6D7C2D001C1018 /* Modules */ = {
			isa = PBXGroup;
			children = (
				E6D0F38C2D6E1B33001C1018 /* ExchangeDetailTests */,
				E6D0F3582D6D7C38001C1018 /* ExchangeListTests */,
			);
			path = Modules;
			sourceTree = "<group>";
		};
		E6D0F3582D6D7C38001C1018 /* ExchangeListTests */ = {
			isa = PBXGroup;
			children = (
				E6D0F3882D6E18D3001C1018 /* ExchangeListCoodinatorTests.swift */,
				E6D0F3772D6D9BB8001C1018 /* ExchangeListPresenterTests.swift */,
				E6D0F3612D6D8344001C1018 /* Doubles */,
				E6D0F3592D6D7C4E001C1018 /* ExchangeListInteractorTests.swift */,
			);
			path = ExchangeListTests;
			sourceTree = "<group>";
		};
		E6D0F35C2D6D80C2001C1018 /* Utils */ = {
			isa = PBXGroup;
			children = (
				E6D0F36A2D6D8FD8001C1018 /* XCTestCase+Extension.swift */,
				E6D0F35D2D6D80C9001C1018 /* AutoEquatable.swift */,
			);
			path = Utils;
			sourceTree = "<group>";
		};
		E6D0F3612D6D8344001C1018 /* Doubles */ = {
			isa = PBXGroup;
			children = (
				E6D0F37D2D6DA120001C1018 /* NavigationSpy.swift */,
				E6D0F3792D6D9E9D001C1018 /* DSExchangeCellDTO+Fixture.swift */,
				E6D0F3672D6D8AF2001C1018 /* ExchangeIcon+Fixture.swift */,
				E6D0F3662D6D88C0001C1018 /* Exchange+Fixture.swift */,
				E6D0F3642D6D87CC001C1018 /* ExchangeListServiceMock.swift */,
				E6D0F3602D6D8249001C1018 /* ExchangeListViewControllerSpy.swift */,
				E6D0F35F2D6D81D7001C1018 /* ExchangeListCoordinatorSpy.swift */,
				E6D0F35E2D6D8168001C1018 /* ExchangeListInteractorSpy.swift */,
				E6D0F35B2D6D7D3C001C1018 /* ExchangeListPresenterSpy.swift */,
			);
			path = Doubles;
			sourceTree = "<group>";
		};
		E6D0F3622D6D8406001C1018 /* Mocks */ = {
			isa = PBXGroup;
			children = (
				E6D0F3852D6DA60F001C1018 /* ImageCacheMock.swift */,
				E6D0F3832D6DA54D001C1018 /* ImageLoadingMock.swift */,
				E6D0F3812D6DA431001C1018 /* DesingSystemMock.swift */,
				E6D0F3682D6D8CA5001C1018 /* DependencyContainerMock.swift */,
				E6D0F3632D6D840B001C1018 /* ServiceMock.swift */,
			);
			path = Mocks;
			sourceTree = "<group>";
		};
		E6D0F38C2D6E1B33001C1018 /* ExchangeDetailTests */ = {
			isa = PBXGroup;
			children = (
				E6D0F3972D6E1FAE001C1018 /* ExchangeDetailPresenterTests.swift */,
				E6D0F3912D6E1D68001C1018 /* Doubles */,
				E6D0F38F2D6E1D4B001C1018 /* ExchangeDetailInteractorTests.swift */,
				E6D0F38D2D6E1CF6001C1018 /* ExchangeDetailCoordinatorTests.swift */,
			);
			path = ExchangeDetailTests;
			sourceTree = "<group>";
		};
		E6D0F3912D6E1D68001C1018 /* Doubles */ = {
			isa = PBXGroup;
			children = (
				E6D0F39D2D6E21AB001C1018 /* DSExchangeDetailDTO+Fixture.swift */,
				E6D0F39B2D6E211D001C1018 /* ExchangeDetailViewControllerSpy.swift */,
				E6D0F3992D6E1FFB001C1018 /* ExchangeDetailCoordinatorSpy.swift */,
				E6D0F3952D6E1D8F001C1018 /* ExchangeDetailServiceMock.swift */,
				E6D0F3922D6E1D79001C1018 /* ExchangeDetailPresenterSpy.swift */,
			);
			path = Doubles;
			sourceTree = "<group>";
		};
/* End PBXGroup section */

/* Begin PBXNativeTarget section */
		E63E4B052D6A67290071E888 /* CoinExchange */ = {
			isa = PBXNativeTarget;
			buildConfigurationList = E63E4B302D6A672A0071E888 /* Build configuration list for PBXNativeTarget "CoinExchange" */;
			buildPhases = (
				E63E4B022D6A67290071E888 /* Sources */,
				E63E4B032D6A67290071E888 /* Frameworks */,
				E63E4B042D6A67290071E888 /* Resources */,
			);
			buildRules = (
			);
			dependencies = (
			);
			name = CoinExchange;
			productName = CoinExchange;
			productReference = E63E4B062D6A67290071E888 /* CoinExchange.app */;
			productType = "com.apple.product-type.application";
		};
		E63E4B1B2D6A672A0071E888 /* CoinExchangeTests */ = {
			isa = PBXNativeTarget;
			buildConfigurationList = E63E4B332D6A672A0071E888 /* Build configuration list for PBXNativeTarget "CoinExchangeTests" */;
			buildPhases = (
				E63E4B182D6A672A0071E888 /* Sources */,
				E63E4B192D6A672A0071E888 /* Frameworks */,
				E63E4B1A2D6A672A0071E888 /* Resources */,
			);
			buildRules = (
			);
			dependencies = (
				E63E4B1E2D6A672A0071E888 /* PBXTargetDependency */,
			);
			name = CoinExchangeTests;
			productName = CoinExchangeTests;
			productReference = E63E4B1C2D6A672A0071E888 /* CoinExchangeTests.xctest */;
			productType = "com.apple.product-type.bundle.unit-test";
		};
		E63E4B252D6A672A0071E888 /* CoinExchangeUITests */ = {
			isa = PBXNativeTarget;
			buildConfigurationList = E63E4B362D6A672A0071E888 /* Build configuration list for PBXNativeTarget "CoinExchangeUITests" */;
			buildPhases = (
				E63E4B222D6A672A0071E888 /* Sources */,
				E63E4B232D6A672A0071E888 /* Frameworks */,
				E63E4B242D6A672A0071E888 /* Resources */,
			);
			buildRules = (
			);
			dependencies = (
				E63E4B282D6A672A0071E888 /* PBXTargetDependency */,
			);
			name = CoinExchangeUITests;
			productName = CoinExchangeUITests;
			productReference = E63E4B262D6A672A0071E888 /* CoinExchangeUITests.xctest */;
			productType = "com.apple.product-type.bundle.ui-testing";
		};
/* End PBXNativeTarget section */

/* Begin PBXProject section */
		E63E4AFE2D6A67290071E888 /* Project object */ = {
			isa = PBXProject;
			attributes = {
				BuildIndependentTargetsInParallel = 1;
				LastSwiftUpdateCheck = 1540;
				LastUpgradeCheck = 1540;
				TargetAttributes = {
					E63E4B052D6A67290071E888 = {
						CreatedOnToolsVersion = 15.4;
					};
					E63E4B1B2D6A672A0071E888 = {
						CreatedOnToolsVersion = 15.4;
						TestTargetID = E63E4B052D6A67290071E888;
					};
					E63E4B252D6A672A0071E888 = {
						CreatedOnToolsVersion = 15.4;
						TestTargetID = E63E4B052D6A67290071E888;
					};
				};
			};
			buildConfigurationList = E63E4B012D6A67290071E888 /* Build configuration list for PBXProject "CoinExchange" */;
			compatibilityVersion = "Xcode 14.0";
			developmentRegion = en;
			hasScannedForEncodings = 0;
			knownRegions = (
				en,
				Base,
			);
			mainGroup = E63E4AFD2D6A67290071E888;
			productRefGroup = E63E4B072D6A67290071E888 /* Products */;
			projectDirPath = "";
			projectRoot = "";
			targets = (
				E63E4B052D6A67290071E888 /* CoinExchange */,
				E63E4B1B2D6A672A0071E888 /* CoinExchangeTests */,
				E63E4B252D6A672A0071E888 /* CoinExchangeUITests */,
			);
		};
/* End PBXProject section */

/* Begin PBXResourcesBuildPhase section */
		E63E4B042D6A67290071E888 /* Resources */ = {
			isa = PBXResourcesBuildPhase;
			buildActionMask = 2147483647;
			files = (
				E63E4B132D6A672A0071E888 /* Assets.xcassets in Resources */,
				E63E4B162D6A672A0071E888 /* Base in Resources */,
			);
			runOnlyForDeploymentPostprocessing = 0;
		};
		E63E4B1A2D6A672A0071E888 /* Resources */ = {
			isa = PBXResourcesBuildPhase;
			buildActionMask = 2147483647;
			files = (
			);
			runOnlyForDeploymentPostprocessing = 0;
		};
		E63E4B242D6A672A0071E888 /* Resources */ = {
			isa = PBXResourcesBuildPhase;
			buildActionMask = 2147483647;
			files = (
			);
			runOnlyForDeploymentPostprocessing = 0;
		};
/* End PBXResourcesBuildPhase section */

/* Begin PBXSourcesBuildPhase section */
		E63E4B022D6A67290071E888 /* Sources */ = {
			isa = PBXSourcesBuildPhase;
			buildActionMask = 2147483647;
			files = (
				9E72FF362D6CE9240080CA74 /* UIImageView+Extension.swift in Sources */,
				E63E4B3B2D6A69B60071E888 /* AppCoordinator.swift in Sources */,
				E63E4B532D6A8B2B0071E888 /* ExchangeListViewController.swift in Sources */,
				E6D0F3A02D6E3399001C1018 /* ConfigService.swift in Sources */,
				E63E4B652D6CA17D0071E888 /* ViewCode.swift in Sources */,
				9E72FF3D2D6D31D70080CA74 /* ImageLoader.swift in Sources */,
				E63E4B492D6A85800071E888 /* Service.swift in Sources */,
				9E72FF2F2D6BFA900080CA74 /* DarkDesignSystem.swift in Sources */,
				E63E4B412D6A7BB10071E888 /* DependencyContainer.swift in Sources */,
				9E72FF222D6B64110080CA74 /* DSSpacing.swift in Sources */,
				E63E4B512D6A8B1D0071E888 /* ExchangeListPresenter.swift in Sources */,
				E63E4B632D6C071B0071E888 /* DSExchangeCell.swift in Sources */,
				E63E4B442D6A7CFE0071E888 /* Servicing.swift in Sources */,
				9E72FF2D2D6BF3B00080CA74 /* UIColor+Extension.swift in Sources */,
				E63E4B4D2D6A8AFF0071E888 /* ExchangeListService.swift in Sources */,
				E63E4B682D6CA2F10071E888 /* DSExchangeCellDTO.swift in Sources */,
				E63E4B4F2D6A8B0A0071E888 /* ExchangeListInteractor.swift in Sources */,
				E63E4B5F2D6A94F20071E888 /* Exchange.swift in Sources */,
				9E72FF3B2D6D31820080CA74 /* ImageCache.swift in Sources */,
				9E72FF112D6AA6D60080CA74 /* ExchangeIcon.swift in Sources */,
				E6D0F3292D6D4229001C1018 /* ErrorView.swift in Sources */,
				E63E4B462D6A7D4E0071E888 /* ApiEndpoint.swift in Sources */,
				E6D0F34C2D6D6990001C1018 /* ExchangeDetailInteractor.swift in Sources */,
				E6D0F34D2D6D6990001C1018 /* ExchangeDetailService.swift in Sources */,
				E6D0F34E2D6D6990001C1018 /* ExchangeDetailViewController.swift in Sources */,
				E6D0F34F2D6D6990001C1018 /* ExchangeDetailCoordinator.swift in Sources */,
				E6D0F3502D6D6990001C1018 /* ExchangeDetailFactory.swift in Sources */,
				E6D0F3522D6D6990001C1018 /* ExchangeDetailPresenter.swift in Sources */,
				E63E4B0A2D6A67290071E888 /* AppDelegate.swift in Sources */,
				9E72FF1B2D6B61B90080CA74 /* DesignSystem.swift in Sources */,
				E6D0F3542D6D7320001C1018 /* DSSizes.swift in Sources */,
				E63E4B572D6A8B4C0071E888 /* ExchangeListFactory.swift in Sources */,
				E63E4B5C2D6A916E0071E888 /* ExchangeListEndpoint.swift in Sources */,
				9E72FF342D6CDA9A0080CA74 /* String+Extenion.swift in Sources */,
				E63E4B0C2D6A67290071E888 /* SceneDelegate.swift in Sources */,
				9E72FF1E2D6B62740080CA74 /* DSColorPalette.swift in Sources */,
				9E72FF202D6B630E0080CA74 /* DSTypography.swift in Sources */,
				9E72FF382D6D285D0080CA74 /* LoadingView.swift in Sources */,
				E63E4B552D6A8B430071E888 /* ExchangeListCoordinator.swift in Sources */,
			);
			runOnlyForDeploymentPostprocessing = 0;
		};
		E63E4B182D6A672A0071E888 /* Sources */ = {
			isa = PBXSourcesBuildPhase;
			buildActionMask = 2147483647;
			files = (
				E6D0F39E2D6E21AE001C1018 /* DSExchangeDetailDTO+Fixture.swift in Sources */,
				E6D0F3962D6E1D8F001C1018 /* ExchangeDetailServiceMock.swift in Sources */,
				E6D0F3782D6D9BBF001C1018 /* ExchangeListPresenterTests.swift in Sources */,
				E6D0F36D2D6D9229001C1018 /* ServiceMock.swift in Sources */,
				E6D0F36C2D6D9224001C1018 /* DependencyContainerMock.swift in Sources */,
				E6D0F3932D6E1D7C001C1018 /* ExchangeDetailPresenterSpy.swift in Sources */,
				E6D0F36B2D6D91FB001C1018 /* ExchangeListInteractorTests.swift in Sources */,
				E6D0F39A2D6E1FFB001C1018 /* ExchangeDetailCoordinatorSpy.swift in Sources */,
				E6D0F3702D6D923F001C1018 /* ExchangeListViewControllerSpy.swift in Sources */,
				E6D0F3842D6DA552001C1018 /* ImageLoadingMock.swift in Sources */,
				E6D0F37A2D6D9EA1001C1018 /* DSExchangeCellDTO+Fixture.swift in Sources */,
				E6D0F3892D6E18DD001C1018 /* ExchangeListCoodinatorTests.swift in Sources */,
				E6D0F3902D6E1D4D001C1018 /* ExchangeDetailInteractorTests.swift in Sources */,
				E6D0F38E2D6E1CF7001C1018 /* ExchangeDetailCoordinatorTests.swift in Sources */,
				E6D0F39C2D6E211E001C1018 /* ExchangeDetailViewControllerSpy.swift in Sources */,
				E6D0F3712D6D923F001C1018 /* ExchangeListServiceMock.swift in Sources */,
				E6D0F3722D6D923F001C1018 /* ExchangeIcon+Fixture.swift in Sources */,
				E6D0F3822D6DA436001C1018 /* DesingSystemMock.swift in Sources */,
				E6D0F3732D6D923F001C1018 /* ExchangeListCoordinatorSpy.swift in Sources */,
				E6D0F37E2D6DA131001C1018 /* NavigationSpy.swift in Sources */,
				E6D0F3862D6DA616001C1018 /* ImageCacheMock.swift in Sources */,
				E6D0F3742D6D923F001C1018 /* Exchange+Fixture.swift in Sources */,
				E6D0F3752D6D9245001C1018 /* ExchangeListInteractorSpy.swift in Sources */,
				E6D0F3762D6D9245001C1018 /* ExchangeListPresenterSpy.swift in Sources */,
				E6D0F36E2D6D922E001C1018 /* AutoEquatable.swift in Sources */,
				E6D0F3982D6E1FB6001C1018 /* ExchangeDetailPresenterTests.swift in Sources */,
				E6D0F36F2D6D922E001C1018 /* XCTestCase+Extension.swift in Sources */,
			);
			runOnlyForDeploymentPostprocessing = 0;
		};
		E63E4B222D6A672A0071E888 /* Sources */ = {
			isa = PBXSourcesBuildPhase;
			buildActionMask = 2147483647;
			files = (
				E63E4B2D2D6A672A0071E888 /* ExchangeLauchUITests.swift in Sources */,
				E63E4B2B2D6A672A0071E888 /* ExchangeListUITests.swift in Sources */,
			);
			runOnlyForDeploymentPostprocessing = 0;
		};
/* End PBXSourcesBuildPhase section */

/* Begin PBXTargetDependency section */
		E63E4B1E2D6A672A0071E888 /* PBXTargetDependency */ = {
			isa = PBXTargetDependency;
			target = E63E4B052D6A67290071E888 /* CoinExchange */;
			targetProxy = E63E4B1D2D6A672A0071E888 /* PBXContainerItemProxy */;
		};
		E63E4B282D6A672A0071E888 /* PBXTargetDependency */ = {
			isa = PBXTargetDependency;
			target = E63E4B052D6A67290071E888 /* CoinExchange */;
			targetProxy = E63E4B272D6A672A0071E888 /* PBXContainerItemProxy */;
		};
/* End PBXTargetDependency section */

/* Begin PBXVariantGroup section */
		E63E4B142D6A672A0071E888 /* LaunchScreen.storyboard */ = {
			isa = PBXVariantGroup;
			children = (
				E63E4B152D6A672A0071E888 /* Base */,
			);
			name = LaunchScreen.storyboard;
			sourceTree = "<group>";
		};
/* End PBXVariantGroup section */

/* Begin XCBuildConfiguration section */
		E63E4B2E2D6A672A0071E888 /* Debug */ = {
			isa = XCBuildConfiguration;
			buildSettings = {
				ALWAYS_SEARCH_USER_PATHS = NO;
				ASSETCATALOG_COMPILER_GENERATE_SWIFT_ASSET_SYMBOL_EXTENSIONS = YES;
				CLANG_ANALYZER_NONNULL = YES;
				CLANG_ANALYZER_NUMBER_OBJECT_CONVERSION = YES_AGGRESSIVE;
				CLANG_CXX_LANGUAGE_STANDARD = "gnu++20";
				CLANG_ENABLE_MODULES = YES;
				CLANG_ENABLE_OBJC_ARC = YES;
				CLANG_ENABLE_OBJC_WEAK = YES;
				CLANG_WARN_BLOCK_CAPTURE_AUTORELEASING = YES;
				CLANG_WARN_BOOL_CONVERSION = YES;
				CLANG_WARN_COMMA = YES;
				CLANG_WARN_CONSTANT_CONVERSION = YES;
				CLANG_WARN_DEPRECATED_OBJC_IMPLEMENTATIONS = YES;
				CLANG_WARN_DIRECT_OBJC_ISA_USAGE = YES_ERROR;
				CLANG_WARN_DOCUMENTATION_COMMENTS = YES;
				CLANG_WARN_EMPTY_BODY = YES;
				CLANG_WARN_ENUM_CONVERSION = YES;
				CLANG_WARN_INFINITE_RECURSION = YES;
				CLANG_WARN_INT_CONVERSION = YES;
				CLANG_WARN_NON_LITERAL_NULL_CONVERSION = YES;
				CLANG_WARN_OBJC_IMPLICIT_RETAIN_SELF = YES;
				CLANG_WARN_OBJC_LITERAL_CONVERSION = YES;
				CLANG_WARN_OBJC_ROOT_CLASS = YES_ERROR;
				CLANG_WARN_QUOTED_INCLUDE_IN_FRAMEWORK_HEADER = YES;
				CLANG_WARN_RANGE_LOOP_ANALYSIS = YES;
				CLANG_WARN_STRICT_PROTOTYPES = YES;
				CLANG_WARN_SUSPICIOUS_MOVE = YES;
				CLANG_WARN_UNGUARDED_AVAILABILITY = YES_AGGRESSIVE;
				CLANG_WARN_UNREACHABLE_CODE = YES;
				CLANG_WARN__DUPLICATE_METHOD_MATCH = YES;
				COPY_PHASE_STRIP = NO;
				DEBUG_INFORMATION_FORMAT = dwarf;
				ENABLE_STRICT_OBJC_MSGSEND = YES;
				ENABLE_TESTABILITY = YES;
				ENABLE_USER_SCRIPT_SANDBOXING = YES;
				GCC_C_LANGUAGE_STANDARD = gnu17;
				GCC_DYNAMIC_NO_PIC = NO;
				GCC_NO_COMMON_BLOCKS = YES;
				GCC_OPTIMIZATION_LEVEL = 0;
				GCC_PREPROCESSOR_DEFINITIONS = (
					"DEBUG=1",
					"$(inherited)",
				);
				GCC_WARN_64_TO_32_BIT_CONVERSION = YES;
				GCC_WARN_ABOUT_RETURN_TYPE = YES_ERROR;
				GCC_WARN_UNDECLARED_SELECTOR = YES;
				GCC_WARN_UNINITIALIZED_AUTOS = YES_AGGRESSIVE;
				GCC_WARN_UNUSED_FUNCTION = YES;
				GCC_WARN_UNUSED_VARIABLE = YES;
				IPHONEOS_DEPLOYMENT_TARGET = 17.5;
				LOCALIZATION_PREFERS_STRING_CATALOGS = YES;
				MTL_ENABLE_DEBUG_INFO = INCLUDE_SOURCE;
				MTL_FAST_MATH = YES;
				ONLY_ACTIVE_ARCH = YES;
				SDKROOT = iphoneos;
				SWIFT_ACTIVE_COMPILATION_CONDITIONS = "DEBUG $(inherited)";
				SWIFT_OPTIMIZATION_LEVEL = "-Onone";
			};
			name = Debug;
		};
		E63E4B2F2D6A672A0071E888 /* Release */ = {
			isa = XCBuildConfiguration;
			buildSettings = {
				ALWAYS_SEARCH_USER_PATHS = NO;
				ASSETCATALOG_COMPILER_GENERATE_SWIFT_ASSET_SYMBOL_EXTENSIONS = YES;
				CLANG_ANALYZER_NONNULL = YES;
				CLANG_ANALYZER_NUMBER_OBJECT_CONVERSION = YES_AGGRESSIVE;
				CLANG_CXX_LANGUAGE_STANDARD = "gnu++20";
				CLANG_ENABLE_MODULES = YES;
				CLANG_ENABLE_OBJC_ARC = YES;
				CLANG_ENABLE_OBJC_WEAK = YES;
				CLANG_WARN_BLOCK_CAPTURE_AUTORELEASING = YES;
				CLANG_WARN_BOOL_CONVERSION = YES;
				CLANG_WARN_COMMA = YES;
				CLANG_WARN_CONSTANT_CONVERSION = YES;
				CLANG_WARN_DEPRECATED_OBJC_IMPLEMENTATIONS = YES;
				CLANG_WARN_DIRECT_OBJC_ISA_USAGE = YES_ERROR;
				CLANG_WARN_DOCUMENTATION_COMMENTS = YES;
				CLANG_WARN_EMPTY_BODY = YES;
				CLANG_WARN_ENUM_CONVERSION = YES;
				CLANG_WARN_INFINITE_RECURSION = YES;
				CLANG_WARN_INT_CONVERSION = YES;
				CLANG_WARN_NON_LITERAL_NULL_CONVERSION = YES;
				CLANG_WARN_OBJC_IMPLICIT_RETAIN_SELF = YES;
				CLANG_WARN_OBJC_LITERAL_CONVERSION = YES;
				CLANG_WARN_OBJC_ROOT_CLASS = YES_ERROR;
				CLANG_WARN_QUOTED_INCLUDE_IN_FRAMEWORK_HEADER = YES;
				CLANG_WARN_RANGE_LOOP_ANALYSIS = YES;
				CLANG_WARN_STRICT_PROTOTYPES = YES;
				CLANG_WARN_SUSPICIOUS_MOVE = YES;
				CLANG_WARN_UNGUARDED_AVAILABILITY = YES_AGGRESSIVE;
				CLANG_WARN_UNREACHABLE_CODE = YES;
				CLANG_WARN__DUPLICATE_METHOD_MATCH = YES;
				COPY_PHASE_STRIP = NO;
				DEBUG_INFORMATION_FORMAT = "dwarf-with-dsym";
				ENABLE_NS_ASSERTIONS = NO;
				ENABLE_STRICT_OBJC_MSGSEND = YES;
				ENABLE_USER_SCRIPT_SANDBOXING = YES;
				GCC_C_LANGUAGE_STANDARD = gnu17;
				GCC_NO_COMMON_BLOCKS = YES;
				GCC_WARN_64_TO_32_BIT_CONVERSION = YES;
				GCC_WARN_ABOUT_RETURN_TYPE = YES_ERROR;
				GCC_WARN_UNDECLARED_SELECTOR = YES;
				GCC_WARN_UNINITIALIZED_AUTOS = YES_AGGRESSIVE;
				GCC_WARN_UNUSED_FUNCTION = YES;
				GCC_WARN_UNUSED_VARIABLE = YES;
				IPHONEOS_DEPLOYMENT_TARGET = 17.5;
				LOCALIZATION_PREFERS_STRING_CATALOGS = YES;
				MTL_ENABLE_DEBUG_INFO = NO;
				MTL_FAST_MATH = YES;
				SDKROOT = iphoneos;
				SWIFT_COMPILATION_MODE = wholemodule;
				VALIDATE_PRODUCT = YES;
			};
			name = Release;
		};
		E63E4B312D6A672A0071E888 /* Debug */ = {
			isa = XCBuildConfiguration;
			buildSettings = {
				ASSETCATALOG_COMPILER_APPICON_NAME = AppIcon;
				ASSETCATALOG_COMPILER_GLOBAL_ACCENT_COLOR_NAME = AccentColor;
				CODE_SIGN_STYLE = Automatic;
				CURRENT_PROJECT_VERSION = 1;
				DEVELOPMENT_TEAM = Y72HNGSH66;
				GENERATE_INFOPLIST_FILE = YES;
				INFOPLIST_FILE = CoinExchange/SupportingFiles/Info.plist;
				INFOPLIST_KEY_UIApplicationSupportsIndirectInputEvents = YES;
				INFOPLIST_KEY_UILaunchStoryboardName = LaunchScreen;
				INFOPLIST_KEY_UISupportedInterfaceOrientations = UIInterfaceOrientationPortrait;
				INFOPLIST_KEY_UISupportedInterfaceOrientations_iPad = "UIInterfaceOrientationPortrait UIInterfaceOrientationPortraitUpsideDown";
				LD_RUNPATH_SEARCH_PATHS = (
					"$(inherited)",
					"@executable_path/Frameworks",
				);
				MARKETING_VERSION = 1.0;
				PRODUCT_BUNDLE_IDENTIFIER = com.fabiofranca.CoinExchange;
				PRODUCT_NAME = "$(TARGET_NAME)";
				SUPPORTED_PLATFORMS = "iphoneos iphonesimulator";
				SUPPORTS_MACCATALYST = NO;
				SUPPORTS_MAC_DESIGNED_FOR_IPHONE_IPAD = NO;
				SUPPORTS_XR_DESIGNED_FOR_IPHONE_IPAD = NO;
				SWIFT_EMIT_LOC_STRINGS = YES;
				SWIFT_VERSION = 5.0;
				TARGETED_DEVICE_FAMILY = 1;
			};
			name = Debug;
		};
		E63E4B322D6A672A0071E888 /* Release */ = {
			isa = XCBuildConfiguration;
			buildSettings = {
				ASSETCATALOG_COMPILER_APPICON_NAME = AppIcon;
				ASSETCATALOG_COMPILER_GLOBAL_ACCENT_COLOR_NAME = AccentColor;
				CODE_SIGN_STYLE = Automatic;
				CURRENT_PROJECT_VERSION = 1;
				DEVELOPMENT_TEAM = Y72HNGSH66;
				GENERATE_INFOPLIST_FILE = YES;
				INFOPLIST_FILE = CoinExchange/SupportingFiles/Info.plist;
				INFOPLIST_KEY_UIApplicationSupportsIndirectInputEvents = YES;
				INFOPLIST_KEY_UILaunchStoryboardName = LaunchScreen;
				INFOPLIST_KEY_UISupportedInterfaceOrientations = UIInterfaceOrientationPortrait;
				INFOPLIST_KEY_UISupportedInterfaceOrientations_iPad = "UIInterfaceOrientationPortrait UIInterfaceOrientationPortraitUpsideDown";
				LD_RUNPATH_SEARCH_PATHS = (
					"$(inherited)",
					"@executable_path/Frameworks",
				);
				MARKETING_VERSION = 1.0;
				PRODUCT_BUNDLE_IDENTIFIER = com.fabiofranca.CoinExchange;
				PRODUCT_NAME = "$(TARGET_NAME)";
				SUPPORTED_PLATFORMS = "iphoneos iphonesimulator";
				SUPPORTS_MACCATALYST = NO;
				SUPPORTS_MAC_DESIGNED_FOR_IPHONE_IPAD = NO;
				SUPPORTS_XR_DESIGNED_FOR_IPHONE_IPAD = NO;
				SWIFT_EMIT_LOC_STRINGS = YES;
				SWIFT_VERSION = 5.0;
				TARGETED_DEVICE_FAMILY = 1;
			};
			name = Release;
		};
		E63E4B342D6A672A0071E888 /* Debug */ = {
			isa = XCBuildConfiguration;
			buildSettings = {
				BUNDLE_LOADER = "$(TEST_HOST)";
				CODE_SIGN_STYLE = Automatic;
				CURRENT_PROJECT_VERSION = 1;
				DEVELOPMENT_TEAM = Y72HNGSH66;
				GENERATE_INFOPLIST_FILE = YES;
				IPHONEOS_DEPLOYMENT_TARGET = 17.5;
				MARKETING_VERSION = 1.0;
				PRODUCT_BUNDLE_IDENTIFIER = com.fabiofranca.CoinExchangeTests;
				PRODUCT_NAME = "$(TARGET_NAME)";
				SWIFT_EMIT_LOC_STRINGS = NO;
				SWIFT_VERSION = 5.0;
				TARGETED_DEVICE_FAMILY = "1,2";
				TEST_HOST = "$(BUILT_PRODUCTS_DIR)/CoinExchange.app/$(BUNDLE_EXECUTABLE_FOLDER_PATH)/CoinExchange";
			};
			name = Debug;
		};
		E63E4B352D6A672A0071E888 /* Release */ = {
			isa = XCBuildConfiguration;
			buildSettings = {
				BUNDLE_LOADER = "$(TEST_HOST)";
				CODE_SIGN_STYLE = Automatic;
				CURRENT_PROJECT_VERSION = 1;
				DEVELOPMENT_TEAM = Y72HNGSH66;
				GENERATE_INFOPLIST_FILE = YES;
				IPHONEOS_DEPLOYMENT_TARGET = 17.5;
				MARKETING_VERSION = 1.0;
				PRODUCT_BUNDLE_IDENTIFIER = com.fabiofranca.CoinExchangeTests;
				PRODUCT_NAME = "$(TARGET_NAME)";
				SWIFT_EMIT_LOC_STRINGS = NO;
				SWIFT_VERSION = 5.0;
				TARGETED_DEVICE_FAMILY = "1,2";
				TEST_HOST = "$(BUILT_PRODUCTS_DIR)/CoinExchange.app/$(BUNDLE_EXECUTABLE_FOLDER_PATH)/CoinExchange";
			};
			name = Release;
		};
		E63E4B372D6A672A0071E888 /* Debug */ = {
			isa = XCBuildConfiguration;
			buildSettings = {
				CODE_SIGN_STYLE = Automatic;
				CURRENT_PROJECT_VERSION = 1;
				DEVELOPMENT_TEAM = Y72HNGSH66;
				GENERATE_INFOPLIST_FILE = YES;
				MARKETING_VERSION = 1.0;
				PRODUCT_BUNDLE_IDENTIFIER = com.fabiofranca.CoinExchangeUITests;
				PRODUCT_NAME = "$(TARGET_NAME)";
				SWIFT_EMIT_LOC_STRINGS = NO;
				SWIFT_VERSION = 5.0;
				TARGETED_DEVICE_FAMILY = "1,2";
				TEST_TARGET_NAME = CoinExchange;
			};
			name = Debug;
		};
		E63E4B382D6A672A0071E888 /* Release */ = {
			isa = XCBuildConfiguration;
			buildSettings = {
				CODE_SIGN_STYLE = Automatic;
				CURRENT_PROJECT_VERSION = 1;
				DEVELOPMENT_TEAM = Y72HNGSH66;
				GENERATE_INFOPLIST_FILE = YES;
				MARKETING_VERSION = 1.0;
				PRODUCT_BUNDLE_IDENTIFIER = com.fabiofranca.CoinExchangeUITests;
				PRODUCT_NAME = "$(TARGET_NAME)";
				SWIFT_EMIT_LOC_STRINGS = NO;
				SWIFT_VERSION = 5.0;
				TARGETED_DEVICE_FAMILY = "1,2";
				TEST_TARGET_NAME = CoinExchange;
			};
			name = Release;
		};
/* End XCBuildConfiguration section */

/* Begin XCConfigurationList section */
		E63E4B012D6A67290071E888 /* Build configuration list for PBXProject "CoinExchange" */ = {
			isa = XCConfigurationList;
			buildConfigurations = (
				E63E4B2E2D6A672A0071E888 /* Debug */,
				E63E4B2F2D6A672A0071E888 /* Release */,
			);
			defaultConfigurationIsVisible = 0;
			defaultConfigurationName = Release;
		};
		E63E4B302D6A672A0071E888 /* Build configuration list for PBXNativeTarget "CoinExchange" */ = {
			isa = XCConfigurationList;
			buildConfigurations = (
				E63E4B312D6A672A0071E888 /* Debug */,
				E63E4B322D6A672A0071E888 /* Release */,
			);
			defaultConfigurationIsVisible = 0;
			defaultConfigurationName = Release;
		};
		E63E4B332D6A672A0071E888 /* Build configuration list for PBXNativeTarget "CoinExchangeTests" */ = {
			isa = XCConfigurationList;
			buildConfigurations = (
				E63E4B342D6A672A0071E888 /* Debug */,
				E63E4B352D6A672A0071E888 /* Release */,
			);
			defaultConfigurationIsVisible = 0;
			defaultConfigurationName = Release;
		};
		E63E4B362D6A672A0071E888 /* Build configuration list for PBXNativeTarget "CoinExchangeUITests" */ = {
			isa = XCConfigurationList;
			buildConfigurations = (
				E63E4B372D6A672A0071E888 /* Debug */,
				E63E4B382D6A672A0071E888 /* Release */,
			);
			defaultConfigurationIsVisible = 0;
			defaultConfigurationName = Release;
		};
/* End XCConfigurationList section */
	};
	rootObject = E63E4AFE2D6A67290071E888 /* Project object */;
}
