// !$*UTF8*$!
{
	archiveVersion = 1;
	classes = {
	};
	objectVersion = 56;
	objects = {

/* Begin PBXBuildFile section */
		9E72FF112D6AA6D60080CA74 /* ExchangeIcon.swift in Sources */ = {isa = PBXBuildFile; fileRef = 9E72FF102D6AA6D50080CA74 /* ExchangeIcon.swift */; };
		9E72FF162D6B4ECA0080CA74 /* ExchangeListViewDTO.swift in Sources */ = {isa = PBXBuildFile; fileRef = 9E72FF152D6B4EC20080CA74 /* ExchangeListViewDTO.swift */; };
		9E72FF1B2D6B61B90080CA74 /* DesignSystem.swift in Sources */ = {isa = PBXBuildFile; fileRef = 9E72FF1A2D6B61B30080CA74 /* DesignSystem.swift */; };
		9E72FF1E2D6B62740080CA74 /* DSColorPalette.swift in Sources */ = {isa = PBXBuildFile; fileRef = 9E72FF1D2D6B626C0080CA74 /* DSColorPalette.swift */; };
		9E72FF202D6B630E0080CA74 /* DSTypography.swift in Sources */ = {isa = PBXBuildFile; fileRef = 9E72FF1F2D6B63020080CA74 /* DSTypography.swift */; };
		9E72FF222D6B64110080CA74 /* DSSpacing.swift in Sources */ = {isa = PBXBuildFile; fileRef = 9E72FF212D6B640B0080CA74 /* DSSpacing.swift */; };
		9E72FF252D6BF0D90080CA74 /* DarkDSTypography.swift in Sources */ = {isa = PBXBuildFile; fileRef = 9E72FF242D6BF0D90080CA74 /* DarkDSTypography.swift */; };
		9E72FF272D6BF1630080CA74 /* DarkDSSpacing.swift in Sources */ = {isa = PBXBuildFile; fileRef = 9E72FF262D6BF1620080CA74 /* DarkDSSpacing.swift */; };
		9E72FF292D6BF1B70080CA74 /* DarkDSColorPalette.swift in Sources */ = {isa = PBXBuildFile; fileRef = 9E72FF282D6BF1B70080CA74 /* DarkDSColorPalette.swift */; };
		9E72FF2D2D6BF3B00080CA74 /* UIColor+Extension.swift in Sources */ = {isa = PBXBuildFile; fileRef = 9E72FF2C2D6BF37B0080CA74 /* UIColor+Extension.swift */; };
		9E72FF2F2D6BFA900080CA74 /* DarkDesignSystem.swift in Sources */ = {isa = PBXBuildFile; fileRef = 9E72FF2E2D6BFA820080CA74 /* DarkDesignSystem.swift */; };
		E63E4B0A2D6A67290071E888 /* AppDelegate.swift in Sources */ = {isa = PBXBuildFile; fileRef = E63E4B092D6A67290071E888 /* AppDelegate.swift */; };
		E63E4B0C2D6A67290071E888 /* SceneDelegate.swift in Sources */ = {isa = PBXBuildFile; fileRef = E63E4B0B2D6A67290071E888 /* SceneDelegate.swift */; };
		E63E4B132D6A672A0071E888 /* Assets.xcassets in Resources */ = {isa = PBXBuildFile; fileRef = E63E4B122D6A672A0071E888 /* Assets.xcassets */; };
		E63E4B162D6A672A0071E888 /* Base in Resources */ = {isa = PBXBuildFile; fileRef = E63E4B152D6A672A0071E888 /* Base */; };
		E63E4B212D6A672A0071E888 /* CoinExchangeTests.swift in Sources */ = {isa = PBXBuildFile; fileRef = E63E4B202D6A672A0071E888 /* CoinExchangeTests.swift */; };
		E63E4B2B2D6A672A0071E888 /* CoinExchangeUITests.swift in Sources */ = {isa = PBXBuildFile; fileRef = E63E4B2A2D6A672A0071E888 /* CoinExchangeUITests.swift */; };
		E63E4B2D2D6A672A0071E888 /* CoinExchangeUITestsLaunchTests.swift in Sources */ = {isa = PBXBuildFile; fileRef = E63E4B2C2D6A672A0071E888 /* CoinExchangeUITestsLaunchTests.swift */; };
		E63E4B3B2D6A69B60071E888 /* AppCoordinator.swift in Sources */ = {isa = PBXBuildFile; fileRef = E63E4B3A2D6A69B60071E888 /* AppCoordinator.swift */; };
		E63E4B412D6A7BB10071E888 /* DependencyContainer.swift in Sources */ = {isa = PBXBuildFile; fileRef = E63E4B402D6A7BB10071E888 /* DependencyContainer.swift */; };
		E63E4B442D6A7CFE0071E888 /* Servicing.swift in Sources */ = {isa = PBXBuildFile; fileRef = E63E4B432D6A7CFE0071E888 /* Servicing.swift */; };
		E63E4B462D6A7D4E0071E888 /* ApiEndpoint.swift in Sources */ = {isa = PBXBuildFile; fileRef = E63E4B452D6A7D4E0071E888 /* ApiEndpoint.swift */; };
		E63E4B492D6A85800071E888 /* Service.swift in Sources */ = {isa = PBXBuildFile; fileRef = E63E4B482D6A85800071E888 /* Service.swift */; };
		E63E4B4D2D6A8AFF0071E888 /* ExchangeListService.swift in Sources */ = {isa = PBXBuildFile; fileRef = E63E4B4C2D6A8AFF0071E888 /* ExchangeListService.swift */; };
		E63E4B4F2D6A8B0A0071E888 /* ExchangeListInteractor.swift in Sources */ = {isa = PBXBuildFile; fileRef = E63E4B4E2D6A8B0A0071E888 /* ExchangeListInteractor.swift */; };
		E63E4B512D6A8B1D0071E888 /* ExchangeListPresenter.swift in Sources */ = {isa = PBXBuildFile; fileRef = E63E4B502D6A8B1D0071E888 /* ExchangeListPresenter.swift */; };
		E63E4B532D6A8B2B0071E888 /* ExchangeListViewController.swift in Sources */ = {isa = PBXBuildFile; fileRef = E63E4B522D6A8B2B0071E888 /* ExchangeListViewController.swift */; };
		E63E4B552D6A8B430071E888 /* ExchangeListCoordinator.swift in Sources */ = {isa = PBXBuildFile; fileRef = E63E4B542D6A8B430071E888 /* ExchangeListCoordinator.swift */; };
		E63E4B572D6A8B4C0071E888 /* ExchangeListFactory.swift in Sources */ = {isa = PBXBuildFile; fileRef = E63E4B562D6A8B4C0071E888 /* ExchangeListFactory.swift */; };
		E63E4B5C2D6A916E0071E888 /* ExchangeListEndpoint.swift in Sources */ = {isa = PBXBuildFile; fileRef = E63E4B5B2D6A916E0071E888 /* ExchangeListEndpoint.swift */; };
		E63E4B5F2D6A94F20071E888 /* Exchange.swift in Sources */ = {isa = PBXBuildFile; fileRef = E63E4B5E2D6A94F20071E888 /* Exchange.swift */; };
/* End PBXBuildFile section */

/* Begin PBXContainerItemProxy section */
		E63E4B1D2D6A672A0071E888 /* PBXContainerItemProxy */ = {
			isa = PBXContainerItemProxy;
			containerPortal = E63E4AFE2D6A67290071E888 /* Project object */;
			proxyType = 1;
			remoteGlobalIDString = E63E4B052D6A67290071E888;
			remoteInfo = CoinExchange;
		};
		E63E4B272D6A672A0071E888 /* PBXContainerItemProxy */ = {
			isa = PBXContainerItemProxy;
			containerPortal = E63E4AFE2D6A67290071E888 /* Project object */;
			proxyType = 1;
			remoteGlobalIDString = E63E4B052D6A67290071E888;
			remoteInfo = CoinExchange;
		};
/* End PBXContainerItemProxy section */

/* Begin PBXFileReference section */
		9E72FF102D6AA6D50080CA74 /* ExchangeIcon.swift */ = {isa = PBXFileReference; lastKnownFileType = sourcecode.swift; path = ExchangeIcon.swift; sourceTree = "<group>"; };
		9E72FF152D6B4EC20080CA74 /* ExchangeListViewDTO.swift */ = {isa = PBXFileReference; lastKnownFileType = sourcecode.swift; path = ExchangeListViewDTO.swift; sourceTree = "<group>"; };
		9E72FF1A2D6B61B30080CA74 /* DesignSystem.swift */ = {isa = PBXFileReference; lastKnownFileType = sourcecode.swift; path = DesignSystem.swift; sourceTree = "<group>"; };
		9E72FF1D2D6B626C0080CA74 /* DSColorPalette.swift */ = {isa = PBXFileReference; lastKnownFileType = sourcecode.swift; path = DSColorPalette.swift; sourceTree = "<group>"; };
		9E72FF1F2D6B63020080CA74 /* DSTypography.swift */ = {isa = PBXFileReference; lastKnownFileType = sourcecode.swift; path = DSTypography.swift; sourceTree = "<group>"; };
		9E72FF212D6B640B0080CA74 /* DSSpacing.swift */ = {isa = PBXFileReference; lastKnownFileType = sourcecode.swift; path = DSSpacing.swift; sourceTree = "<group>"; };
		9E72FF242D6BF0D90080CA74 /* DarkDSTypography.swift */ = {isa = PBXFileReference; lastKnownFileType = sourcecode.swift; path = DarkDSTypography.swift; sourceTree = "<group>"; };
		9E72FF262D6BF1620080CA74 /* DarkDSSpacing.swift */ = {isa = PBXFileReference; lastKnownFileType = sourcecode.swift; path = DarkDSSpacing.swift; sourceTree = "<group>"; };
		9E72FF282D6BF1B70080CA74 /* DarkDSColorPalette.swift */ = {isa = PBXFileReference; lastKnownFileType = sourcecode.swift; path = DarkDSColorPalette.swift; sourceTree = "<group>"; };
		9E72FF2C2D6BF37B0080CA74 /* UIColor+Extension.swift */ = {isa = PBXFileReference; lastKnownFileType = sourcecode.swift; path = "UIColor+Extension.swift"; sourceTree = "<group>"; };
		9E72FF2E2D6BFA820080CA74 /* DarkDesignSystem.swift */ = {isa = PBXFileReference; lastKnownFileType = sourcecode.swift; path = DarkDesignSystem.swift; sourceTree = "<group>"; };
		E63E4B062D6A67290071E888 /* CoinExchange.app */ = {isa = PBXFileReference; explicitFileType = wrapper.application; includeInIndex = 0; path = CoinExchange.app; sourceTree = BUILT_PRODUCTS_DIR; };
		E63E4B092D6A67290071E888 /* AppDelegate.swift */ = {isa = PBXFileReference; lastKnownFileType = sourcecode.swift; path = AppDelegate.swift; sourceTree = "<group>"; };
		E63E4B0B2D6A67290071E888 /* SceneDelegate.swift */ = {isa = PBXFileReference; lastKnownFileType = sourcecode.swift; path = SceneDelegate.swift; sourceTree = "<group>"; };
		E63E4B122D6A672A0071E888 /* Assets.xcassets */ = {isa = PBXFileReference; lastKnownFileType = folder.assetcatalog; path = Assets.xcassets; sourceTree = "<group>"; };
		E63E4B152D6A672A0071E888 /* Base */ = {isa = PBXFileReference; lastKnownFileType = file.storyboard; name = Base; path = Base.lproj/LaunchScreen.storyboard; sourceTree = "<group>"; };
		E63E4B172D6A672A0071E888 /* Info.plist */ = {isa = PBXFileReference; lastKnownFileType = text.plist.xml; path = Info.plist; sourceTree = "<group>"; };
		E63E4B1C2D6A672A0071E888 /* CoinExchangeTests.xctest */ = {isa = PBXFileReference; explicitFileType = wrapper.cfbundle; includeInIndex = 0; path = CoinExchangeTests.xctest; sourceTree = BUILT_PRODUCTS_DIR; };
		E63E4B202D6A672A0071E888 /* CoinExchangeTests.swift */ = {isa = PBXFileReference; lastKnownFileType = sourcecode.swift; path = CoinExchangeTests.swift; sourceTree = "<group>"; };
		E63E4B262D6A672A0071E888 /* CoinExchangeUITests.xctest */ = {isa = PBXFileReference; explicitFileType = wrapper.cfbundle; includeInIndex = 0; path = CoinExchangeUITests.xctest; sourceTree = BUILT_PRODUCTS_DIR; };
		E63E4B2A2D6A672A0071E888 /* CoinExchangeUITests.swift */ = {isa = PBXFileReference; lastKnownFileType = sourcecode.swift; path = CoinExchangeUITests.swift; sourceTree = "<group>"; };
		E63E4B2C2D6A672A0071E888 /* CoinExchangeUITestsLaunchTests.swift */ = {isa = PBXFileReference; lastKnownFileType = sourcecode.swift; path = CoinExchangeUITestsLaunchTests.swift; sourceTree = "<group>"; };
		E63E4B3A2D6A69B60071E888 /* AppCoordinator.swift */ = {isa = PBXFileReference; lastKnownFileType = sourcecode.swift; path = AppCoordinator.swift; sourceTree = "<group>"; };
		E63E4B402D6A7BB10071E888 /* DependencyContainer.swift */ = {isa = PBXFileReference; lastKnownFileType = sourcecode.swift; path = DependencyContainer.swift; sourceTree = "<group>"; };
		E63E4B432D6A7CFE0071E888 /* Servicing.swift */ = {isa = PBXFileReference; lastKnownFileType = sourcecode.swift; path = Servicing.swift; sourceTree = "<group>"; };
		E63E4B452D6A7D4E0071E888 /* ApiEndpoint.swift */ = {isa = PBXFileReference; lastKnownFileType = sourcecode.swift; path = ApiEndpoint.swift; sourceTree = "<group>"; };
		E63E4B482D6A85800071E888 /* Service.swift */ = {isa = PBXFileReference; lastKnownFileType = sourcecode.swift; path = Service.swift; sourceTree = "<group>"; };
		E63E4B4C2D6A8AFF0071E888 /* ExchangeListService.swift */ = {isa = PBXFileReference; lastKnownFileType = sourcecode.swift; path = ExchangeListService.swift; sourceTree = "<group>"; };
		E63E4B4E2D6A8B0A0071E888 /* ExchangeListInteractor.swift */ = {isa = PBXFileReference; lastKnownFileType = sourcecode.swift; path = ExchangeListInteractor.swift; sourceTree = "<group>"; };
		E63E4B502D6A8B1D0071E888 /* ExchangeListPresenter.swift */ = {isa = PBXFileReference; lastKnownFileType = sourcecode.swift; path = ExchangeListPresenter.swift; sourceTree = "<group>"; };
		E63E4B522D6A8B2B0071E888 /* ExchangeListViewController.swift */ = {isa = PBXFileReference; lastKnownFileType = sourcecode.swift; path = ExchangeListViewController.swift; sourceTree = "<group>"; };
		E63E4B542D6A8B430071E888 /* ExchangeListCoordinator.swift */ = {isa = PBXFileReference; lastKnownFileType = sourcecode.swift; path = ExchangeListCoordinator.swift; sourceTree = "<group>"; };
		E63E4B562D6A8B4C0071E888 /* ExchangeListFactory.swift */ = {isa = PBXFileReference; lastKnownFileType = sourcecode.swift; path = ExchangeListFactory.swift; sourceTree = "<group>"; };
		E63E4B5B2D6A916E0071E888 /* ExchangeListEndpoint.swift */ = {isa = PBXFileReference; lastKnownFileType = sourcecode.swift; path = ExchangeListEndpoint.swift; sourceTree = "<group>"; };
		E63E4B5E2D6A94F20071E888 /* Exchange.swift */ = {isa = PBXFileReference; lastKnownFileType = sourcecode.swift; path = Exchange.swift; sourceTree = "<group>"; };
/* End PBXFileReference section */

/* Begin PBXFrameworksBuildPhase section */
		E63E4B032D6A67290071E888 /* Frameworks */ = {
			isa = PBXFrameworksBuildPhase;
			buildActionMask = 2147483647;
			files = (
			);
			runOnlyForDeploymentPostprocessing = 0;
		};
		E63E4B192D6A672A0071E888 /* Frameworks */ = {
			isa = PBXFrameworksBuildPhase;
			buildActionMask = 2147483647;
			files = (
			);
			runOnlyForDeploymentPostprocessing = 0;
		};
		E63E4B232D6A672A0071E888 /* Frameworks */ = {
			isa = PBXFrameworksBuildPhase;
			buildActionMask = 2147483647;
			files = (
			);
			runOnlyForDeploymentPostprocessing = 0;
		};
/* End PBXFrameworksBuildPhase section */

/* Begin PBXGroup section */
		9E72FF122D6AA7730080CA74 /* View */ = {
			isa = PBXGroup;
			children = (
				9E72FF152D6B4EC20080CA74 /* ExchangeListViewDTO.swift */,
			);
			path = View;
			sourceTree = "<group>";
		};
		9E72FF172D6B5FFC0080CA74 /* DesignSystem */ = {
			isa = PBXGroup;
			children = (
				9E72FF322D6C00C40080CA74 /* Components */,
				9E72FF232D6BEEDA0080CA74 /* DarkDSColorPalette */,
				9E72FF1C2D6B625E0080CA74 /* Protocols */,
			);
			path = DesignSystem;
			sourceTree = "<group>";
		};
		9E72FF1C2D6B625E0080CA74 /* Protocols */ = {
			isa = PBXGroup;
			children = (
				9E72FF212D6B640B0080CA74 /* DSSpacing.swift */,
				9E72FF1F2D6B63020080CA74 /* DSTypography.swift */,
				9E72FF1D2D6B626C0080CA74 /* DSColorPalette.swift */,
				9E72FF1A2D6B61B30080CA74 /* DesignSystem.swift */,
			);
			path = Protocols;
			sourceTree = "<group>";
		};
		9E72FF232D6BEEDA0080CA74 /* DarkDSColorPalette */ = {
			isa = PBXGroup;
			children = (
				9E72FF2E2D6BFA820080CA74 /* DarkDesignSystem.swift */,
				9E72FF282D6BF1B70080CA74 /* DarkDSColorPalette.swift */,
				9E72FF262D6BF1620080CA74 /* DarkDSSpacing.swift */,
				9E72FF242D6BF0D90080CA74 /* DarkDSTypography.swift */,
			);
			path = DarkDSColorPalette;
			sourceTree = "<group>";
		};
		9E72FF2A2D6BF35D0080CA74 /* Utils */ = {
			isa = PBXGroup;
			children = (
				9E72FF2B2D6BF36B0080CA74 /* Extensions */,
			);
			path = Utils;
			sourceTree = "<group>";
		};
		9E72FF2B2D6BF36B0080CA74 /* Extensions */ = {
			isa = PBXGroup;
			children = (
				9E72FF2C2D6BF37B0080CA74 /* UIColor+Extension.swift */,
			);
			path = Extensions;
			sourceTree = "<group>";
		};
		9E72FF322D6C00C40080CA74 /* Components */ = {
			isa = PBXGroup;
			children = (
			);
			path = Components;
			sourceTree = "<group>";
		};
		E63E4AFD2D6A67290071E888 = {
			isa = PBXGroup;
			children = (
				E63E4B082D6A67290071E888 /* CoinExchange */,
				E63E4B1F2D6A672A0071E888 /* CoinExchangeTests */,
				E63E4B292D6A672A0071E888 /* CoinExchangeUITests */,
				E63E4B072D6A67290071E888 /* Products */,
			);
			sourceTree = "<group>";
		};
		E63E4B072D6A67290071E888 /* Products */ = {
			isa = PBXGroup;
			children = (
				E63E4B062D6A67290071E888 /* CoinExchange.app */,
				E63E4B1C2D6A672A0071E888 /* CoinExchangeTests.xctest */,
				E63E4B262D6A672A0071E888 /* CoinExchangeUITests.xctest */,
			);
			name = Products;
			sourceTree = "<group>";
		};
		E63E4B082D6A67290071E888 /* CoinExchange */ = {
			isa = PBXGroup;
			children = (
				9E72FF2A2D6BF35D0080CA74 /* Utils */,
				9E72FF172D6B5FFC0080CA74 /* DesignSystem */,
				E63E4B4A2D6A8AD30071E888 /* Modules */,
				E63E4B422D6A7CF30071E888 /* Services */,
				E63E4B3D2D6A6D550071E888 /* Dependency */,
				E63E4B3C2D6A6BAD0071E888 /* Resources */,
				E63E4B392D6A68DE0071E888 /* SupportingFiles */,
				E63E4B092D6A67290071E888 /* AppDelegate.swift */,
				E63E4B0B2D6A67290071E888 /* SceneDelegate.swift */,
				E63E4B3A2D6A69B60071E888 /* AppCoordinator.swift */,
			);
			path = CoinExchange;
			sourceTree = "<group>";
		};
		E63E4B1F2D6A672A0071E888 /* CoinExchangeTests */ = {
			isa = PBXGroup;
			children = (
				E63E4B202D6A672A0071E888 /* CoinExchangeTests.swift */,
			);
			path = CoinExchangeTests;
			sourceTree = "<group>";
		};
		E63E4B292D6A672A0071E888 /* CoinExchangeUITests */ = {
			isa = PBXGroup;
			children = (
				E63E4B2A2D6A672A0071E888 /* CoinExchangeUITests.swift */,
				E63E4B2C2D6A672A0071E888 /* CoinExchangeUITestsLaunchTests.swift */,
			);
			path = CoinExchangeUITests;
			sourceTree = "<group>";
		};
		E63E4B392D6A68DE0071E888 /* SupportingFiles */ = {
			isa = PBXGroup;
			children = (
				E63E4B172D6A672A0071E888 /* Info.plist */,
			);
			path = SupportingFiles;
			sourceTree = "<group>";
		};
		E63E4B3C2D6A6BAD0071E888 /* Resources */ = {
			isa = PBXGroup;
			children = (
				E63E4B122D6A672A0071E888 /* Assets.xcassets */,
				E63E4B142D6A672A0071E888 /* LaunchScreen.storyboard */,
			);
			path = Resources;
			sourceTree = "<group>";
		};
		E63E4B3D2D6A6D550071E888 /* Dependency */ = {
			isa = PBXGroup;
			children = (
				E63E4B402D6A7BB10071E888 /* DependencyContainer.swift */,
			);
			path = Dependency;
			sourceTree = "<group>";
		};
		E63E4B422D6A7CF30071E888 /* Services */ = {
			isa = PBXGroup;
			children = (
				E63E4B472D6A85560071E888 /* Protocols */,
				E63E4B482D6A85800071E888 /* Service.swift */,
			);
			path = Services;
			sourceTree = "<group>";
		};
		E63E4B472D6A85560071E888 /* Protocols */ = {
			isa = PBXGroup;
			children = (
				E63E4B432D6A7CFE0071E888 /* Servicing.swift */,
				E63E4B452D6A7D4E0071E888 /* ApiEndpoint.swift */,
			);
			path = Protocols;
			sourceTree = "<group>";
		};
		E63E4B4A2D6A8AD30071E888 /* Modules */ = {
			isa = PBXGroup;
			children = (
				E63E4B4B2D6A8ADE0071E888 /* ExchangeList */,
			);
			path = Modules;
			sourceTree = "<group>";
		};
		E63E4B4B2D6A8ADE0071E888 /* ExchangeList */ = {
			isa = PBXGroup;
			children = (
				9E72FF122D6AA7730080CA74 /* View */,
				E63E4B5D2D6A94EB0071E888 /* Model */,
				E63E4B5A2D6A91020071E888 /* Service */,
				E63E4B4E2D6A8B0A0071E888 /* ExchangeListInteractor.swift */,
				E63E4B502D6A8B1D0071E888 /* ExchangeListPresenter.swift */,
				E63E4B522D6A8B2B0071E888 /* ExchangeListViewController.swift */,
				E63E4B542D6A8B430071E888 /* ExchangeListCoordinator.swift */,
				E63E4B562D6A8B4C0071E888 /* ExchangeListFactory.swift */,
			);
			path = ExchangeList;
			sourceTree = "<group>";
		};
		E63E4B5A2D6A91020071E888 /* Service */ = {
			isa = PBXGroup;
			children = (
				E63E4B4C2D6A8AFF0071E888 /* ExchangeListService.swift */,
				E63E4B5B2D6A916E0071E888 /* ExchangeListEndpoint.swift */,
			);
			path = Service;
			sourceTree = "<group>";
		};
		E63E4B5D2D6A94EB0071E888 /* Model */ = {
			isa = PBXGroup;
			children = (
				9E72FF102D6AA6D50080CA74 /* ExchangeIcon.swift */,
				E63E4B5E2D6A94F20071E888 /* Exchange.swift */,
			);
			path = Model;
			sourceTree = "<group>";
		};
/* End PBXGroup section */

/* Begin PBXNativeTarget section */
		E63E4B052D6A67290071E888 /* CoinExchange */ = {
			isa = PBXNativeTarget;
			buildConfigurationList = E63E4B302D6A672A0071E888 /* Build configuration list for PBXNativeTarget "CoinExchange" */;
			buildPhases = (
				E63E4B022D6A67290071E888 /* Sources */,
				E63E4B032D6A67290071E888 /* Frameworks */,
				E63E4B042D6A67290071E888 /* Resources */,
			);
			buildRules = (
			);
			dependencies = (
			);
			name = CoinExchange;
			productName = CoinExchange;
			productReference = E63E4B062D6A67290071E888 /* CoinExchange.app */;
			productType = "com.apple.product-type.application";
		};
		E63E4B1B2D6A672A0071E888 /* CoinExchangeTests */ = {
			isa = PBXNativeTarget;
			buildConfigurationList = E63E4B332D6A672A0071E888 /* Build configuration list for PBXNativeTarget "CoinExchangeTests" */;
			buildPhases = (
				E63E4B182D6A672A0071E888 /* Sources */,
				E63E4B192D6A672A0071E888 /* Frameworks */,
				E63E4B1A2D6A672A0071E888 /* Resources */,
			);
			buildRules = (
			);
			dependencies = (
				E63E4B1E2D6A672A0071E888 /* PBXTargetDependency */,
			);
			name = CoinExchangeTests;
			productName = CoinExchangeTests;
			productReference = E63E4B1C2D6A672A0071E888 /* CoinExchangeTests.xctest */;
			productType = "com.apple.product-type.bundle.unit-test";
		};
		E63E4B252D6A672A0071E888 /* CoinExchangeUITests */ = {
			isa = PBXNativeTarget;
			buildConfigurationList = E63E4B362D6A672A0071E888 /* Build configuration list for PBXNativeTarget "CoinExchangeUITests" */;
			buildPhases = (
				E63E4B222D6A672A0071E888 /* Sources */,
				E63E4B232D6A672A0071E888 /* Frameworks */,
				E63E4B242D6A672A0071E888 /* Resources */,
			);
			buildRules = (
			);
			dependencies = (
				E63E4B282D6A672A0071E888 /* PBXTargetDependency */,
			);
			name = CoinExchangeUITests;
			productName = CoinExchangeUITests;
			productReference = E63E4B262D6A672A0071E888 /* CoinExchangeUITests.xctest */;
			productType = "com.apple.product-type.bundle.ui-testing";
		};
/* End PBXNativeTarget section */

/* Begin PBXProject section */
		E63E4AFE2D6A67290071E888 /* Project object */ = {
			isa = PBXProject;
			attributes = {
				BuildIndependentTargetsInParallel = 1;
				LastSwiftUpdateCheck = 1540;
				LastUpgradeCheck = 1540;
				TargetAttributes = {
					E63E4B052D6A67290071E888 = {
						CreatedOnToolsVersion = 15.4;
					};
					E63E4B1B2D6A672A0071E888 = {
						CreatedOnToolsVersion = 15.4;
						TestTargetID = E63E4B052D6A67290071E888;
					};
					E63E4B252D6A672A0071E888 = {
						CreatedOnToolsVersion = 15.4;
						TestTargetID = E63E4B052D6A67290071E888;
					};
				};
			};
			buildConfigurationList = E63E4B012D6A67290071E888 /* Build configuration list for PBXProject "CoinExchange" */;
			compatibilityVersion = "Xcode 14.0";
			developmentRegion = en;
			hasScannedForEncodings = 0;
			knownRegions = (
				en,
				Base,
			);
			mainGroup = E63E4AFD2D6A67290071E888;
			productRefGroup = E63E4B072D6A67290071E888 /* Products */;
			projectDirPath = "";
			projectRoot = "";
			targets = (
				E63E4B052D6A67290071E888 /* CoinExchange */,
				E63E4B1B2D6A672A0071E888 /* CoinExchangeTests */,
				E63E4B252D6A672A0071E888 /* CoinExchangeUITests */,
			);
		};
/* End PBXProject section */

/* Begin PBXResourcesBuildPhase section */
		E63E4B042D6A67290071E888 /* Resources */ = {
			isa = PBXResourcesBuildPhase;
			buildActionMask = 2147483647;
			files = (
				E63E4B132D6A672A0071E888 /* Assets.xcassets in Resources */,
				E63E4B162D6A672A0071E888 /* Base in Resources */,
			);
			runOnlyForDeploymentPostprocessing = 0;
		};
		E63E4B1A2D6A672A0071E888 /* Resources */ = {
			isa = PBXResourcesBuildPhase;
			buildActionMask = 2147483647;
			files = (
			);
			runOnlyForDeploymentPostprocessing = 0;
		};
		E63E4B242D6A672A0071E888 /* Resources */ = {
			isa = PBXResourcesBuildPhase;
			buildActionMask = 2147483647;
			files = (
			);
			runOnlyForDeploymentPostprocessing = 0;
		};
/* End PBXResourcesBuildPhase section */

/* Begin PBXSourcesBuildPhase section */
		E63E4B022D6A67290071E888 /* Sources */ = {
			isa = PBXSourcesBuildPhase;
			buildActionMask = 2147483647;
			files = (
				9E72FF292D6BF1B70080CA74 /* DarkDSColorPalette.swift in Sources */,
				E63E4B3B2D6A69B60071E888 /* AppCoordinator.swift in Sources */,
				E63E4B532D6A8B2B0071E888 /* ExchangeListViewController.swift in Sources */,
				E63E4B492D6A85800071E888 /* Service.swift in Sources */,
				9E72FF2F2D6BFA900080CA74 /* DarkDesignSystem.swift in Sources */,
				E63E4B412D6A7BB10071E888 /* DependencyContainer.swift in Sources */,
				9E72FF222D6B64110080CA74 /* DSSpacing.swift in Sources */,
				E63E4B512D6A8B1D0071E888 /* ExchangeListPresenter.swift in Sources */,
				E63E4B442D6A7CFE0071E888 /* Servicing.swift in Sources */,
				9E72FF272D6BF1630080CA74 /* DarkDSSpacing.swift in Sources */,
				9E72FF2D2D6BF3B00080CA74 /* UIColor+Extension.swift in Sources */,
				E63E4B4D2D6A8AFF0071E888 /* ExchangeListService.swift in Sources */,
				E63E4B4F2D6A8B0A0071E888 /* ExchangeListInteractor.swift in Sources */,
				E63E4B5F2D6A94F20071E888 /* Exchange.swift in Sources */,
				9E72FF112D6AA6D60080CA74 /* ExchangeIcon.swift in Sources */,
				E63E4B462D6A7D4E0071E888 /* ApiEndpoint.swift in Sources */,
				E63E4B0A2D6A67290071E888 /* AppDelegate.swift in Sources */,
				9E72FF1B2D6B61B90080CA74 /* DesignSystem.swift in Sources */,
				E63E4B572D6A8B4C0071E888 /* ExchangeListFactory.swift in Sources */,
				9E72FF252D6BF0D90080CA74 /* DarkDSTypography.swift in Sources */,
				E63E4B5C2D6A916E0071E888 /* ExchangeListEndpoint.swift in Sources */,
				E63E4B0C2D6A67290071E888 /* SceneDelegate.swift in Sources */,
				9E72FF1E2D6B62740080CA74 /* DSColorPalette.swift in Sources */,
				9E72FF202D6B630E0080CA74 /* DSTypography.swift in Sources */,
				9E72FF162D6B4ECA0080CA74 /* ExchangeListViewDTO.swift in Sources */,
				E63E4B552D6A8B430071E888 /* ExchangeListCoordinator.swift in Sources */,
			);
			runOnlyForDeploymentPostprocessing = 0;
		};
		E63E4B182D6A672A0071E888 /* Sources */ = {
			isa = PBXSourcesBuildPhase;
			buildActionMask = 2147483647;
			files = (
				E63E4B212D6A672A0071E888 /* CoinExchangeTests.swift in Sources */,
			);
			runOnlyForDeploymentPostprocessing = 0;
		};
		E63E4B222D6A672A0071E888 /* Sources */ = {
			isa = PBXSourcesBuildPhase;
			buildActionMask = 2147483647;
			files = (
				E63E4B2D2D6A672A0071E888 /* CoinExchangeUITestsLaunchTests.swift in Sources */,
				E63E4B2B2D6A672A0071E888 /* CoinExchangeUITests.swift in Sources */,
			);
			runOnlyForDeploymentPostprocessing = 0;
		};
/* End PBXSourcesBuildPhase section */

/* Begin PBXTargetDependency section */
		E63E4B1E2D6A672A0071E888 /* PBXTargetDependency */ = {
			isa = PBXTargetDependency;
			target = E63E4B052D6A67290071E888 /* CoinExchange */;
			targetProxy = E63E4B1D2D6A672A0071E888 /* PBXContainerItemProxy */;
		};
		E63E4B282D6A672A0071E888 /* PBXTargetDependency */ = {
			isa = PBXTargetDependency;
			target = E63E4B052D6A67290071E888 /* CoinExchange */;
			targetProxy = E63E4B272D6A672A0071E888 /* PBXContainerItemProxy */;
		};
/* End PBXTargetDependency section */

/* Begin PBXVariantGroup section */
		E63E4B142D6A672A0071E888 /* LaunchScreen.storyboard */ = {
			isa = PBXVariantGroup;
			children = (
				E63E4B152D6A672A0071E888 /* Base */,
			);
			name = LaunchScreen.storyboard;
			sourceTree = "<group>";
		};
/* End PBXVariantGroup section */

/* Begin XCBuildConfiguration section */
		E63E4B2E2D6A672A0071E888 /* Debug */ = {
			isa = XCBuildConfiguration;
			buildSettings = {
				ALWAYS_SEARCH_USER_PATHS = NO;
				ASSETCATALOG_COMPILER_GENERATE_SWIFT_ASSET_SYMBOL_EXTENSIONS = YES;
				CLANG_ANALYZER_NONNULL = YES;
				CLANG_ANALYZER_NUMBER_OBJECT_CONVERSION = YES_AGGRESSIVE;
				CLANG_CXX_LANGUAGE_STANDARD = "gnu++20";
				CLANG_ENABLE_MODULES = YES;
				CLANG_ENABLE_OBJC_ARC = YES;
				CLANG_ENABLE_OBJC_WEAK = YES;
				CLANG_WARN_BLOCK_CAPTURE_AUTORELEASING = YES;
				CLANG_WARN_BOOL_CONVERSION = YES;
				CLANG_WARN_COMMA = YES;
				CLANG_WARN_CONSTANT_CONVERSION = YES;
				CLANG_WARN_DEPRECATED_OBJC_IMPLEMENTATIONS = YES;
				CLANG_WARN_DIRECT_OBJC_ISA_USAGE = YES_ERROR;
				CLANG_WARN_DOCUMENTATION_COMMENTS = YES;
				CLANG_WARN_EMPTY_BODY = YES;
				CLANG_WARN_ENUM_CONVERSION = YES;
				CLANG_WARN_INFINITE_RECURSION = YES;
				CLANG_WARN_INT_CONVERSION = YES;
				CLANG_WARN_NON_LITERAL_NULL_CONVERSION = YES;
				CLANG_WARN_OBJC_IMPLICIT_RETAIN_SELF = YES;
				CLANG_WARN_OBJC_LITERAL_CONVERSION = YES;
				CLANG_WARN_OBJC_ROOT_CLASS = YES_ERROR;
				CLANG_WARN_QUOTED_INCLUDE_IN_FRAMEWORK_HEADER = YES;
				CLANG_WARN_RANGE_LOOP_ANALYSIS = YES;
				CLANG_WARN_STRICT_PROTOTYPES = YES;
				CLANG_WARN_SUSPICIOUS_MOVE = YES;
				CLANG_WARN_UNGUARDED_AVAILABILITY = YES_AGGRESSIVE;
				CLANG_WARN_UNREACHABLE_CODE = YES;
				CLANG_WARN__DUPLICATE_METHOD_MATCH = YES;
				COPY_PHASE_STRIP = NO;
				DEBUG_INFORMATION_FORMAT = dwarf;
				ENABLE_STRICT_OBJC_MSGSEND = YES;
				ENABLE_TESTABILITY = YES;
				ENABLE_USER_SCRIPT_SANDBOXING = YES;
				GCC_C_LANGUAGE_STANDARD = gnu17;
				GCC_DYNAMIC_NO_PIC = NO;
				GCC_NO_COMMON_BLOCKS = YES;
				GCC_OPTIMIZATION_LEVEL = 0;
				GCC_PREPROCESSOR_DEFINITIONS = (
					"DEBUG=1",
					"$(inherited)",
				);
				GCC_WARN_64_TO_32_BIT_CONVERSION = YES;
				GCC_WARN_ABOUT_RETURN_TYPE = YES_ERROR;
				GCC_WARN_UNDECLARED_SELECTOR = YES;
				GCC_WARN_UNINITIALIZED_AUTOS = YES_AGGRESSIVE;
				GCC_WARN_UNUSED_FUNCTION = YES;
				GCC_WARN_UNUSED_VARIABLE = YES;
				IPHONEOS_DEPLOYMENT_TARGET = 17.5;
				LOCALIZATION_PREFERS_STRING_CATALOGS = YES;
				MTL_ENABLE_DEBUG_INFO = INCLUDE_SOURCE;
				MTL_FAST_MATH = YES;
				ONLY_ACTIVE_ARCH = YES;
				SDKROOT = iphoneos;
				SWIFT_ACTIVE_COMPILATION_CONDITIONS = "DEBUG $(inherited)";
				SWIFT_OPTIMIZATION_LEVEL = "-Onone";
			};
			name = Debug;
		};
		E63E4B2F2D6A672A0071E888 /* Release */ = {
			isa = XCBuildConfiguration;
			buildSettings = {
				ALWAYS_SEARCH_USER_PATHS = NO;
				ASSETCATALOG_COMPILER_GENERATE_SWIFT_ASSET_SYMBOL_EXTENSIONS = YES;
				CLANG_ANALYZER_NONNULL = YES;
				CLANG_ANALYZER_NUMBER_OBJECT_CONVERSION = YES_AGGRESSIVE;
				CLANG_CXX_LANGUAGE_STANDARD = "gnu++20";
				CLANG_ENABLE_MODULES = YES;
				CLANG_ENABLE_OBJC_ARC = YES;
				CLANG_ENABLE_OBJC_WEAK = YES;
				CLANG_WARN_BLOCK_CAPTURE_AUTORELEASING = YES;
				CLANG_WARN_BOOL_CONVERSION = YES;
				CLANG_WARN_COMMA = YES;
				CLANG_WARN_CONSTANT_CONVERSION = YES;
				CLANG_WARN_DEPRECATED_OBJC_IMPLEMENTATIONS = YES;
				CLANG_WARN_DIRECT_OBJC_ISA_USAGE = YES_ERROR;
				CLANG_WARN_DOCUMENTATION_COMMENTS = YES;
				CLANG_WARN_EMPTY_BODY = YES;
				CLANG_WARN_ENUM_CONVERSION = YES;
				CLANG_WARN_INFINITE_RECURSION = YES;
				CLANG_WARN_INT_CONVERSION = YES;
				CLANG_WARN_NON_LITERAL_NULL_CONVERSION = YES;
				CLANG_WARN_OBJC_IMPLICIT_RETAIN_SELF = YES;
				CLANG_WARN_OBJC_LITERAL_CONVERSION = YES;
				CLANG_WARN_OBJC_ROOT_CLASS = YES_ERROR;
				CLANG_WARN_QUOTED_INCLUDE_IN_FRAMEWORK_HEADER = YES;
				CLANG_WARN_RANGE_LOOP_ANALYSIS = YES;
				CLANG_WARN_STRICT_PROTOTYPES = YES;
				CLANG_WARN_SUSPICIOUS_MOVE = YES;
				CLANG_WARN_UNGUARDED_AVAILABILITY = YES_AGGRESSIVE;
				CLANG_WARN_UNREACHABLE_CODE = YES;
				CLANG_WARN__DUPLICATE_METHOD_MATCH = YES;
				COPY_PHASE_STRIP = NO;
				DEBUG_INFORMATION_FORMAT = "dwarf-with-dsym";
				ENABLE_NS_ASSERTIONS = NO;
				ENABLE_STRICT_OBJC_MSGSEND = YES;
				ENABLE_USER_SCRIPT_SANDBOXING = YES;
				GCC_C_LANGUAGE_STANDARD = gnu17;
				GCC_NO_COMMON_BLOCKS = YES;
				GCC_WARN_64_TO_32_BIT_CONVERSION = YES;
				GCC_WARN_ABOUT_RETURN_TYPE = YES_ERROR;
				GCC_WARN_UNDECLARED_SELECTOR = YES;
				GCC_WARN_UNINITIALIZED_AUTOS = YES_AGGRESSIVE;
				GCC_WARN_UNUSED_FUNCTION = YES;
				GCC_WARN_UNUSED_VARIABLE = YES;
				IPHONEOS_DEPLOYMENT_TARGET = 17.5;
				LOCALIZATION_PREFERS_STRING_CATALOGS = YES;
				MTL_ENABLE_DEBUG_INFO = NO;
				MTL_FAST_MATH = YES;
				SDKROOT = iphoneos;
				SWIFT_COMPILATION_MODE = wholemodule;
				VALIDATE_PRODUCT = YES;
			};
			name = Release;
		};
		E63E4B312D6A672A0071E888 /* Debug */ = {
			isa = XCBuildConfiguration;
			buildSettings = {
				ASSETCATALOG_COMPILER_APPICON_NAME = AppIcon;
				ASSETCATALOG_COMPILER_GLOBAL_ACCENT_COLOR_NAME = AccentColor;
				CODE_SIGN_STYLE = Automatic;
				CURRENT_PROJECT_VERSION = 1;
				DEVELOPMENT_TEAM = Y72HNGSH66;
				GENERATE_INFOPLIST_FILE = YES;
				INFOPLIST_FILE = CoinExchange/SupportingFiles/Info.plist;
				INFOPLIST_KEY_UIApplicationSupportsIndirectInputEvents = YES;
				INFOPLIST_KEY_UILaunchStoryboardName = LaunchScreen;
				INFOPLIST_KEY_UISupportedInterfaceOrientations = UIInterfaceOrientationPortrait;
				INFOPLIST_KEY_UISupportedInterfaceOrientations_iPad = "UIInterfaceOrientationPortrait UIInterfaceOrientationPortraitUpsideDown";
				LD_RUNPATH_SEARCH_PATHS = (
					"$(inherited)",
					"@executable_path/Frameworks",
				);
				MARKETING_VERSION = 1.0;
				PRODUCT_BUNDLE_IDENTIFIER = com.fabiofranca.CoinExchange;
				PRODUCT_NAME = "$(TARGET_NAME)";
				SUPPORTED_PLATFORMS = "iphoneos iphonesimulator";
				SUPPORTS_MACCATALYST = NO;
				SUPPORTS_MAC_DESIGNED_FOR_IPHONE_IPAD = NO;
				SUPPORTS_XR_DESIGNED_FOR_IPHONE_IPAD = NO;
				SWIFT_EMIT_LOC_STRINGS = YES;
				SWIFT_VERSION = 5.0;
				TARGETED_DEVICE_FAMILY = 1;
			};
			name = Debug;
		};
		E63E4B322D6A672A0071E888 /* Release */ = {
			isa = XCBuildConfiguration;
			buildSettings = {
				ASSETCATALOG_COMPILER_APPICON_NAME = AppIcon;
				ASSETCATALOG_COMPILER_GLOBAL_ACCENT_COLOR_NAME = AccentColor;
				CODE_SIGN_STYLE = Automatic;
				CURRENT_PROJECT_VERSION = 1;
				DEVELOPMENT_TEAM = Y72HNGSH66;
				GENERATE_INFOPLIST_FILE = YES;
				INFOPLIST_FILE = CoinExchange/SupportingFiles/Info.plist;
				INFOPLIST_KEY_UIApplicationSupportsIndirectInputEvents = YES;
				INFOPLIST_KEY_UILaunchStoryboardName = LaunchScreen;
				INFOPLIST_KEY_UISupportedInterfaceOrientations = UIInterfaceOrientationPortrait;
				INFOPLIST_KEY_UISupportedInterfaceOrientations_iPad = "UIInterfaceOrientationPortrait UIInterfaceOrientationPortraitUpsideDown";
				LD_RUNPATH_SEARCH_PATHS = (
					"$(inherited)",
					"@executable_path/Frameworks",
				);
				MARKETING_VERSION = 1.0;
				PRODUCT_BUNDLE_IDENTIFIER = com.fabiofranca.CoinExchange;
				PRODUCT_NAME = "$(TARGET_NAME)";
				SUPPORTED_PLATFORMS = "iphoneos iphonesimulator";
				SUPPORTS_MACCATALYST = NO;
				SUPPORTS_MAC_DESIGNED_FOR_IPHONE_IPAD = NO;
				SUPPORTS_XR_DESIGNED_FOR_IPHONE_IPAD = NO;
				SWIFT_EMIT_LOC_STRINGS = YES;
				SWIFT_VERSION = 5.0;
				TARGETED_DEVICE_FAMILY = 1;
			};
			name = Release;
		};
		E63E4B342D6A672A0071E888 /* Debug */ = {
			isa = XCBuildConfiguration;
			buildSettings = {
				ALWAYS_EMBED_SWIFT_STANDARD_LIBRARIES = YES;
				BUNDLE_LOADER = "$(TEST_HOST)";
				CODE_SIGN_STYLE = Automatic;
				CURRENT_PROJECT_VERSION = 1;
				DEVELOPMENT_TEAM = Y72HNGSH66;
				GENERATE_INFOPLIST_FILE = YES;
				IPHONEOS_DEPLOYMENT_TARGET = 17.5;
				MARKETING_VERSION = 1.0;
				PRODUCT_BUNDLE_IDENTIFIER = com.fabiofranca.CoinExchangeTests;
				PRODUCT_NAME = "$(TARGET_NAME)";
				SWIFT_EMIT_LOC_STRINGS = NO;
				SWIFT_VERSION = 5.0;
				TARGETED_DEVICE_FAMILY = "1,2";
				TEST_HOST = "$(BUILT_PRODUCTS_DIR)/CoinExchange.app/$(BUNDLE_EXECUTABLE_FOLDER_PATH)/CoinExchange";
			};
			name = Debug;
		};
		E63E4B352D6A672A0071E888 /* Release */ = {
			isa = XCBuildConfiguration;
			buildSettings = {
				ALWAYS_EMBED_SWIFT_STANDARD_LIBRARIES = YES;
				BUNDLE_LOADER = "$(TEST_HOST)";
				CODE_SIGN_STYLE = Automatic;
				CURRENT_PROJECT_VERSION = 1;
				DEVELOPMENT_TEAM = Y72HNGSH66;
				GENERATE_INFOPLIST_FILE = YES;
				IPHONEOS_DEPLOYMENT_TARGET = 17.5;
				MARKETING_VERSION = 1.0;
				PRODUCT_BUNDLE_IDENTIFIER = com.fabiofranca.CoinExchangeTests;
				PRODUCT_NAME = "$(TARGET_NAME)";
				SWIFT_EMIT_LOC_STRINGS = NO;
				SWIFT_VERSION = 5.0;
				TARGETED_DEVICE_FAMILY = "1,2";
				TEST_HOST = "$(BUILT_PRODUCTS_DIR)/CoinExchange.app/$(BUNDLE_EXECUTABLE_FOLDER_PATH)/CoinExchange";
			};
			name = Release;
		};
		E63E4B372D6A672A0071E888 /* Debug */ = {
			isa = XCBuildConfiguration;
			buildSettings = {
				ALWAYS_EMBED_SWIFT_STANDARD_LIBRARIES = YES;
				CODE_SIGN_STYLE = Automatic;
				CURRENT_PROJECT_VERSION = 1;
				DEVELOPMENT_TEAM = Y72HNGSH66;
				GENERATE_INFOPLIST_FILE = YES;
				MARKETING_VERSION = 1.0;
				PRODUCT_BUNDLE_IDENTIFIER = com.fabiofranca.CoinExchangeUITests;
				PRODUCT_NAME = "$(TARGET_NAME)";
				SWIFT_EMIT_LOC_STRINGS = NO;
				SWIFT_VERSION = 5.0;
				TARGETED_DEVICE_FAMILY = "1,2";
				TEST_TARGET_NAME = CoinExchange;
			};
			name = Debug;
		};
		E63E4B382D6A672A0071E888 /* Release */ = {
			isa = XCBuildConfiguration;
			buildSettings = {
				ALWAYS_EMBED_SWIFT_STANDARD_LIBRARIES = YES;
				CODE_SIGN_STYLE = Automatic;
				CURRENT_PROJECT_VERSION = 1;
				DEVELOPMENT_TEAM = Y72HNGSH66;
				GENERATE_INFOPLIST_FILE = YES;
				MARKETING_VERSION = 1.0;
				PRODUCT_BUNDLE_IDENTIFIER = com.fabiofranca.CoinExchangeUITests;
				PRODUCT_NAME = "$(TARGET_NAME)";
				SWIFT_EMIT_LOC_STRINGS = NO;
				SWIFT_VERSION = 5.0;
				TARGETED_DEVICE_FAMILY = "1,2";
				TEST_TARGET_NAME = CoinExchange;
			};
			name = Release;
		};
/* End XCBuildConfiguration section */

/* Begin XCConfigurationList section */
		E63E4B012D6A67290071E888 /* Build configuration list for PBXProject "CoinExchange" */ = {
			isa = XCConfigurationList;
			buildConfigurations = (
				E63E4B2E2D6A672A0071E888 /* Debug */,
				E63E4B2F2D6A672A0071E888 /* Release */,
			);
			defaultConfigurationIsVisible = 0;
			defaultConfigurationName = Release;
		};
		E63E4B302D6A672A0071E888 /* Build configuration list for PBXNativeTarget "CoinExchange" */ = {
			isa = XCConfigurationList;
			buildConfigurations = (
				E63E4B312D6A672A0071E888 /* Debug */,
				E63E4B322D6A672A0071E888 /* Release */,
			);
			defaultConfigurationIsVisible = 0;
			defaultConfigurationName = Release;
		};
		E63E4B332D6A672A0071E888 /* Build configuration list for PBXNativeTarget "CoinExchangeTests" */ = {
			isa = XCConfigurationList;
			buildConfigurations = (
				E63E4B342D6A672A0071E888 /* Debug */,
				E63E4B352D6A672A0071E888 /* Release */,
			);
			defaultConfigurationIsVisible = 0;
			defaultConfigurationName = Release;
		};
		E63E4B362D6A672A0071E888 /* Build configuration list for PBXNativeTarget "CoinExchangeUITests" */ = {
			isa = XCConfigurationList;
			buildConfigurations = (
				E63E4B372D6A672A0071E888 /* Debug */,
				E63E4B382D6A672A0071E888 /* Release */,
			);
			defaultConfigurationIsVisible = 0;
			defaultConfigurationName = Release;
		};
/* End XCConfigurationList section */
	};
	rootObject = E63E4AFE2D6A67290071E888 /* Project object */;
}
